// !$*UTF8*$!
{
	archiveVersion = 1;
	classes = {
	};
	objectVersion = 46;
	objects = {

/* Begin PBXBuildFile section */
		C5AEA5C71A9F921300249353 /* AppDelegate.swift in Sources */ = {isa = PBXBuildFile; fileRef = C5AEA5C61A9F921300249353 /* AppDelegate.swift */; };
		C5AEA5C91A9F921300249353 /* ViewController.swift in Sources */ = {isa = PBXBuildFile; fileRef = C5AEA5C81A9F921300249353 /* ViewController.swift */; };
		C5AEA5CC1A9F921300249353 /* Main.storyboard in Resources */ = {isa = PBXBuildFile; fileRef = C5AEA5CA1A9F921300249353 /* Main.storyboard */; };
		C5AEA5CE1A9F921300249353 /* Images.xcassets in Resources */ = {isa = PBXBuildFile; fileRef = C5AEA5CD1A9F921300249353 /* Images.xcassets */; };
		C5AEA5D11A9F921300249353 /* LaunchScreen.xib in Resources */ = {isa = PBXBuildFile; fileRef = C5AEA5CF1A9F921300249353 /* LaunchScreen.xib */; };
		C5AEA5DD1A9F921300249353 /* GPSSimulator_GMapTests.swift in Sources */ = {isa = PBXBuildFile; fileRef = C5AEA5DC1A9F921300249353 /* GPSSimulator_GMapTests.swift */; };
		C5AEA5F01A9F936C00249353 /* GoogleMaps.framework in Frameworks */ = {isa = PBXBuildFile; fileRef = C5AEA5EF1A9F936C00249353 /* GoogleMaps.framework */; };
		C5AEA5F21A9F93DA00249353 /* CoreLocation.framework in Frameworks */ = {isa = PBXBuildFile; fileRef = C5AEA5F11A9F93DA00249353 /* CoreLocation.framework */; };
		C5AEA5F61A9F943E00249353 /* libc++.dylib in Frameworks */ = {isa = PBXBuildFile; fileRef = C5AEA5F31A9F943E00249353 /* libc++.dylib */; };
		C5AEA5F71A9F943E00249353 /* libicucore.dylib in Frameworks */ = {isa = PBXBuildFile; fileRef = C5AEA5F41A9F943E00249353 /* libicucore.dylib */; };
		C5AEA5F81A9F943E00249353 /* libz.dylib in Frameworks */ = {isa = PBXBuildFile; fileRef = C5AEA5F51A9F943E00249353 /* libz.dylib */; };
		C5AEA5FD1A9FB43E00249353 /* GoogleDataProvider.swift in Sources */ = {isa = PBXBuildFile; fileRef = C5AEA5FC1A9FB43E00249353 /* GoogleDataProvider.swift */; };
		C5AEA5FF1A9FB50100249353 /* GooglePlace.swift in Sources */ = {isa = PBXBuildFile; fileRef = C5AEA5FE1A9FB50100249353 /* GooglePlace.swift */; };
		C5AEA6041A9FB7DF00249353 /* GoogleMaps.bundle in Resources */ = {isa = PBXBuildFile; fileRef = C5AEA6031A9FB7DF00249353 /* GoogleMaps.bundle */; };
		C5AEA6061A9FB81900249353 /* QuartzCore.framework in Frameworks */ = {isa = PBXBuildFile; fileRef = C5AEA6051A9FB81900249353 /* QuartzCore.framework */; };
		C5AEA6081A9FB84700249353 /* GLKit.framework in Frameworks */ = {isa = PBXBuildFile; fileRef = C5AEA6071A9FB84700249353 /* GLKit.framework */; };
		C5AEA60A1A9FB85100249353 /* OpenGLES.framework in Frameworks */ = {isa = PBXBuildFile; fileRef = C5AEA6091A9FB85100249353 /* OpenGLES.framework */; };
		C5AEA60C1A9FB87800249353 /* CoreText.framework in Frameworks */ = {isa = PBXBuildFile; fileRef = C5AEA60B1A9FB87800249353 /* CoreText.framework */; };
		C5AEA60E1A9FB89200249353 /* AVFoundation.framework in Frameworks */ = {isa = PBXBuildFile; fileRef = C5AEA60D1A9FB89200249353 /* AVFoundation.framework */; };
		C5AEA6101A9FB8A300249353 /* CoreData.framework in Frameworks */ = {isa = PBXBuildFile; fileRef = C5AEA60F1A9FB8A300249353 /* CoreData.framework */; };
		C5AEA6121A9FB8C100249353 /* ImageIO.framework in Frameworks */ = {isa = PBXBuildFile; fileRef = C5AEA6111A9FB8C100249353 /* ImageIO.framework */; };
		C5AEA6141A9FB8DE00249353 /* SystemConfiguration.framework in Frameworks */ = {isa = PBXBuildFile; fileRef = C5AEA6131A9FB8DE00249353 /* SystemConfiguration.framework */; };
/* End PBXBuildFile section */

/* Begin PBXContainerItemProxy section */
		C5AEA5D71A9F921300249353 /* PBXContainerItemProxy */ = {
			isa = PBXContainerItemProxy;
			containerPortal = C5AEA5B91A9F921300249353 /* Project object */;
			proxyType = 1;
			remoteGlobalIDString = C5AEA5C01A9F921300249353;
			remoteInfo = GPSSimulator_GMap;
		};
		C5AEA5EB1A9F932F00249353 /* PBXContainerItemProxy */ = {
			isa = PBXContainerItemProxy;
			containerPortal = C5AEA5E61A9F932F00249353 /* BrightFutures.xcodeproj */;
			proxyType = 2;
			remoteGlobalIDString = E9DF0815194470060083F7F2;
			remoteInfo = BrightFutures;
		};
		C5AEA5ED1A9F932F00249353 /* PBXContainerItemProxy */ = {
			isa = PBXContainerItemProxy;
			containerPortal = C5AEA5E61A9F932F00249353 /* BrightFutures.xcodeproj */;
			proxyType = 2;
			remoteGlobalIDString = E9DF0820194470060083F7F2;
			remoteInfo = BrightFuturesTests;
		};
		C5AEA5FA1A9F94D800249353 /* PBXContainerItemProxy */ = {
			isa = PBXContainerItemProxy;
			containerPortal = C5AEA5E61A9F932F00249353 /* BrightFutures.xcodeproj */;
			proxyType = 1;
			remoteGlobalIDString = E9DF0814194470060083F7F2;
			remoteInfo = BrightFutures;
		};
/* End PBXContainerItemProxy section */

/* Begin PBXFileReference section */
		C5AEA5C11A9F921300249353 /* GPSSimulator_GMap.app */ = {isa = PBXFileReference; explicitFileType = wrapper.application; includeInIndex = 0; path = GPSSimulator_GMap.app; sourceTree = BUILT_PRODUCTS_DIR; };
		C5AEA5C51A9F921300249353 /* Info.plist */ = {isa = PBXFileReference; lastKnownFileType = text.plist.xml; path = Info.plist; sourceTree = "<group>"; };
		C5AEA5C61A9F921300249353 /* AppDelegate.swift */ = {isa = PBXFileReference; lastKnownFileType = sourcecode.swift; path = AppDelegate.swift; sourceTree = "<group>"; };
		C5AEA5C81A9F921300249353 /* ViewController.swift */ = {isa = PBXFileReference; lastKnownFileType = sourcecode.swift; path = ViewController.swift; sourceTree = "<group>"; };
		C5AEA5CB1A9F921300249353 /* Base */ = {isa = PBXFileReference; lastKnownFileType = file.storyboard; name = Base; path = Base.lproj/Main.storyboard; sourceTree = "<group>"; };
		C5AEA5CD1A9F921300249353 /* Images.xcassets */ = {isa = PBXFileReference; lastKnownFileType = folder.assetcatalog; path = Images.xcassets; sourceTree = "<group>"; };
		C5AEA5D01A9F921300249353 /* Base */ = {isa = PBXFileReference; lastKnownFileType = file.xib; name = Base; path = Base.lproj/LaunchScreen.xib; sourceTree = "<group>"; };
		C5AEA5D61A9F921300249353 /* GPSSimulator_GMapTests.xctest */ = {isa = PBXFileReference; explicitFileType = wrapper.cfbundle; includeInIndex = 0; path = GPSSimulator_GMapTests.xctest; sourceTree = BUILT_PRODUCTS_DIR; };
		C5AEA5DB1A9F921300249353 /* Info.plist */ = {isa = PBXFileReference; lastKnownFileType = text.plist.xml; path = Info.plist; sourceTree = "<group>"; };
		C5AEA5DC1A9F921300249353 /* GPSSimulator_GMapTests.swift */ = {isa = PBXFileReference; lastKnownFileType = sourcecode.swift; path = GPSSimulator_GMapTests.swift; sourceTree = "<group>"; };
		C5AEA5E61A9F932F00249353 /* BrightFutures.xcodeproj */ = {isa = PBXFileReference; lastKnownFileType = "wrapper.pb-project"; name = BrightFutures.xcodeproj; path = ../BrightFutures/BrightFutures.xcodeproj; sourceTree = "<group>"; };
		C5AEA5EF1A9F936C00249353 /* GoogleMaps.framework */ = {isa = PBXFileReference; lastKnownFileType = wrapper.framework; name = GoogleMaps.framework; path = GPSSimulator_GMap/GoogleMaps.framework; sourceTree = "<group>"; };
		C5AEA5F11A9F93DA00249353 /* CoreLocation.framework */ = {isa = PBXFileReference; lastKnownFileType = wrapper.framework; name = CoreLocation.framework; path = System/Library/Frameworks/CoreLocation.framework; sourceTree = SDKROOT; };
		C5AEA5F31A9F943E00249353 /* libc++.dylib */ = {isa = PBXFileReference; lastKnownFileType = "compiled.mach-o.dylib"; name = "libc++.dylib"; path = "usr/lib/libc++.dylib"; sourceTree = SDKROOT; };
		C5AEA5F41A9F943E00249353 /* libicucore.dylib */ = {isa = PBXFileReference; lastKnownFileType = "compiled.mach-o.dylib"; name = libicucore.dylib; path = usr/lib/libicucore.dylib; sourceTree = SDKROOT; };
		C5AEA5F51A9F943E00249353 /* libz.dylib */ = {isa = PBXFileReference; lastKnownFileType = "compiled.mach-o.dylib"; name = libz.dylib; path = usr/lib/libz.dylib; sourceTree = SDKROOT; };
		C5AEA5FC1A9FB43E00249353 /* GoogleDataProvider.swift */ = {isa = PBXFileReference; fileEncoding = 4; lastKnownFileType = sourcecode.swift; path = GoogleDataProvider.swift; sourceTree = "<group>"; };
		C5AEA5FE1A9FB50100249353 /* GooglePlace.swift */ = {isa = PBXFileReference; fileEncoding = 4; lastKnownFileType = sourcecode.swift; path = GooglePlace.swift; sourceTree = "<group>"; };
		C5AEA6001A9FB64000249353 /* GPSSimulator_GMap-Bridging-Header.h */ = {isa = PBXFileReference; lastKnownFileType = sourcecode.c.h; path = "GPSSimulator_GMap-Bridging-Header.h"; sourceTree = "<group>"; };
		C5AEA6031A9FB7DF00249353 /* GoogleMaps.bundle */ = {isa = PBXFileReference; lastKnownFileType = "wrapper.plug-in"; name = GoogleMaps.bundle; path = GPSSimulator_GMap/GoogleMaps.framework/Versions/A/Resources/GoogleMaps.bundle; sourceTree = "<group>"; };
		C5AEA6051A9FB81900249353 /* QuartzCore.framework */ = {isa = PBXFileReference; lastKnownFileType = wrapper.framework; name = QuartzCore.framework; path = System/Library/Frameworks/QuartzCore.framework; sourceTree = SDKROOT; };
		C5AEA6071A9FB84700249353 /* GLKit.framework */ = {isa = PBXFileReference; lastKnownFileType = wrapper.framework; name = GLKit.framework; path = System/Library/Frameworks/GLKit.framework; sourceTree = SDKROOT; };
		C5AEA6091A9FB85100249353 /* OpenGLES.framework */ = {isa = PBXFileReference; lastKnownFileType = wrapper.framework; name = OpenGLES.framework; path = System/Library/Frameworks/OpenGLES.framework; sourceTree = SDKROOT; };
		C5AEA60B1A9FB87800249353 /* CoreText.framework */ = {isa = PBXFileReference; lastKnownFileType = wrapper.framework; name = CoreText.framework; path = System/Library/Frameworks/CoreText.framework; sourceTree = SDKROOT; };
		C5AEA60D1A9FB89200249353 /* AVFoundation.framework */ = {isa = PBXFileReference; lastKnownFileType = wrapper.framework; name = AVFoundation.framework; path = System/Library/Frameworks/AVFoundation.framework; sourceTree = SDKROOT; };
		C5AEA60F1A9FB8A300249353 /* CoreData.framework */ = {isa = PBXFileReference; lastKnownFileType = wrapper.framework; name = CoreData.framework; path = System/Library/Frameworks/CoreData.framework; sourceTree = SDKROOT; };
		C5AEA6111A9FB8C100249353 /* ImageIO.framework */ = {isa = PBXFileReference; lastKnownFileType = wrapper.framework; name = ImageIO.framework; path = System/Library/Frameworks/ImageIO.framework; sourceTree = SDKROOT; };
		C5AEA6131A9FB8DE00249353 /* SystemConfiguration.framework */ = {isa = PBXFileReference; lastKnownFileType = wrapper.framework; name = SystemConfiguration.framework; path = System/Library/Frameworks/SystemConfiguration.framework; sourceTree = SDKROOT; };
/* End PBXFileReference section */

/* Begin PBXFrameworksBuildPhase section */
		C5AEA5BE1A9F921300249353 /* Frameworks */ = {
			isa = PBXFrameworksBuildPhase;
			buildActionMask = 2147483647;
			files = (
				C5AEA6141A9FB8DE00249353 /* SystemConfiguration.framework in Frameworks */,
				C5AEA6121A9FB8C100249353 /* ImageIO.framework in Frameworks */,
				C5AEA6101A9FB8A300249353 /* CoreData.framework in Frameworks */,
				C5AEA60E1A9FB89200249353 /* AVFoundation.framework in Frameworks */,
				C5AEA60C1A9FB87800249353 /* CoreText.framework in Frameworks */,
				C5AEA60A1A9FB85100249353 /* OpenGLES.framework in Frameworks */,
				C5AEA6081A9FB84700249353 /* GLKit.framework in Frameworks */,
				C5AEA6061A9FB81900249353 /* QuartzCore.framework in Frameworks */,
				C5AEA5F61A9F943E00249353 /* libc++.dylib in Frameworks */,
				C5AEA5F71A9F943E00249353 /* libicucore.dylib in Frameworks */,
				C5AEA5F81A9F943E00249353 /* libz.dylib in Frameworks */,
				C5AEA5F21A9F93DA00249353 /* CoreLocation.framework in Frameworks */,
				C5AEA5F01A9F936C00249353 /* GoogleMaps.framework in Frameworks */,
			);
			runOnlyForDeploymentPostprocessing = 0;
		};
		C5AEA5D31A9F921300249353 /* Frameworks */ = {
			isa = PBXFrameworksBuildPhase;
			buildActionMask = 2147483647;
			files = (
			);
			runOnlyForDeploymentPostprocessing = 0;
		};
/* End PBXFrameworksBuildPhase section */

/* Begin PBXGroup section */
		C5AEA5B81A9F921300249353 = {
			isa = PBXGroup;
			children = (
				C5AEA5FE1A9FB50100249353 /* GooglePlace.swift */,
				C5AEA5FC1A9FB43E00249353 /* GoogleDataProvider.swift */,
				C5AEA5C31A9F921300249353 /* GPSSimulator_GMap */,
				C5AEA5F91A9F947000249353 /* Frameworks */,
				C5AEA5D91A9F921300249353 /* GPSSimulator_GMapTests */,
				C5AEA5C21A9F921300249353 /* Products */,
				C5AEA5E61A9F932F00249353 /* BrightFutures.xcodeproj */,
				C5AEA6001A9FB64000249353 /* GPSSimulator_GMap-Bridging-Header.h */,
			);
			sourceTree = "<group>";
		};
		C5AEA5C21A9F921300249353 /* Products */ = {
			isa = PBXGroup;
			children = (
				C5AEA5C11A9F921300249353 /* GPSSimulator_GMap.app */,
				C5AEA5D61A9F921300249353 /* GPSSimulator_GMapTests.xctest */,
			);
			name = Products;
			sourceTree = "<group>";
		};
		C5AEA5C31A9F921300249353 /* GPSSimulator_GMap */ = {
			isa = PBXGroup;
			children = (
				C5AEA5C61A9F921300249353 /* AppDelegate.swift */,
				C5AEA5C81A9F921300249353 /* ViewController.swift */,
				C5AEA5CA1A9F921300249353 /* Main.storyboard */,
				C5AEA5CD1A9F921300249353 /* Images.xcassets */,
				C5AEA5CF1A9F921300249353 /* LaunchScreen.xib */,
				C5AEA5C41A9F921300249353 /* Supporting Files */,
			);
			path = GPSSimulator_GMap;
			sourceTree = "<group>";
		};
		C5AEA5C41A9F921300249353 /* Supporting Files */ = {
			isa = PBXGroup;
			children = (
				C5AEA5C51A9F921300249353 /* Info.plist */,
			);
			name = "Supporting Files";
			sourceTree = "<group>";
		};
		C5AEA5D91A9F921300249353 /* GPSSimulator_GMapTests */ = {
			isa = PBXGroup;
			children = (
				C5AEA5DC1A9F921300249353 /* GPSSimulator_GMapTests.swift */,
				C5AEA5DA1A9F921300249353 /* Supporting Files */,
			);
			path = GPSSimulator_GMapTests;
			sourceTree = "<group>";
		};
		C5AEA5DA1A9F921300249353 /* Supporting Files */ = {
			isa = PBXGroup;
			children = (
				C5AEA5DB1A9F921300249353 /* Info.plist */,
			);
			name = "Supporting Files";
			sourceTree = "<group>";
		};
		C5AEA5E71A9F932F00249353 /* Products */ = {
			isa = PBXGroup;
			children = (
				C5AEA5EC1A9F932F00249353 /* BrightFutures.framework */,
				C5AEA5EE1A9F932F00249353 /* BrightFuturesTests.xctest */,
			);
			name = Products;
			sourceTree = "<group>";
		};
		C5AEA5F91A9F947000249353 /* Frameworks */ = {
			isa = PBXGroup;
			children = (
				C5AEA6131A9FB8DE00249353 /* SystemConfiguration.framework */,
				C5AEA6111A9FB8C100249353 /* ImageIO.framework */,
				C5AEA60F1A9FB8A300249353 /* CoreData.framework */,
				C5AEA60D1A9FB89200249353 /* AVFoundation.framework */,
				C5AEA60B1A9FB87800249353 /* CoreText.framework */,
				C5AEA6091A9FB85100249353 /* OpenGLES.framework */,
				C5AEA6071A9FB84700249353 /* GLKit.framework */,
				C5AEA6051A9FB81900249353 /* QuartzCore.framework */,
				C5AEA6031A9FB7DF00249353 /* GoogleMaps.bundle */,
				C5AEA5F11A9F93DA00249353 /* CoreLocation.framework */,
				C5AEA5EF1A9F936C00249353 /* GoogleMaps.framework */,
				C5AEA5F41A9F943E00249353 /* libicucore.dylib */,
				C5AEA5F31A9F943E00249353 /* libc++.dylib */,
				C5AEA5F51A9F943E00249353 /* libz.dylib */,
			);
			name = Frameworks;
			sourceTree = "<group>";
		};
/* End PBXGroup section */

/* Begin PBXNativeTarget section */
		C5AEA5C01A9F921300249353 /* GPSSimulator_GMap */ = {
			isa = PBXNativeTarget;
			buildConfigurationList = C5AEA5E01A9F921300249353 /* Build configuration list for PBXNativeTarget "GPSSimulator_GMap" */;
			buildPhases = (
				C5AEA5BD1A9F921300249353 /* Sources */,
				C5AEA5BE1A9F921300249353 /* Frameworks */,
				C5AEA5BF1A9F921300249353 /* Resources */,
			);
			buildRules = (
			);
			dependencies = (
				C5AEA5FB1A9F94D800249353 /* PBXTargetDependency */,
			);
			name = GPSSimulator_GMap;
			productName = GPSSimulator_GMap;
			productReference = C5AEA5C11A9F921300249353 /* GPSSimulator_GMap.app */;
			productType = "com.apple.product-type.application";
		};
		C5AEA5D51A9F921300249353 /* GPSSimulator_GMapTests */ = {
			isa = PBXNativeTarget;
			buildConfigurationList = C5AEA5E31A9F921300249353 /* Build configuration list for PBXNativeTarget "GPSSimulator_GMapTests" */;
			buildPhases = (
				C5AEA5D21A9F921300249353 /* Sources */,
				C5AEA5D31A9F921300249353 /* Frameworks */,
				C5AEA5D41A9F921300249353 /* Resources */,
			);
			buildRules = (
			);
			dependencies = (
				C5AEA5D81A9F921300249353 /* PBXTargetDependency */,
			);
			name = GPSSimulator_GMapTests;
			productName = GPSSimulator_GMapTests;
			productReference = C5AEA5D61A9F921300249353 /* GPSSimulator_GMapTests.xctest */;
			productType = "com.apple.product-type.bundle.unit-test";
		};
/* End PBXNativeTarget section */

/* Begin PBXProject section */
		C5AEA5B91A9F921300249353 /* Project object */ = {
			isa = PBXProject;
			attributes = {
				LastUpgradeCheck = 0630;
				ORGANIZATIONNAME = Baltoro;
				TargetAttributes = {
					C5AEA5C01A9F921300249353 = {
						CreatedOnToolsVersion = 6.3;
					};
					C5AEA5D51A9F921300249353 = {
						CreatedOnToolsVersion = 6.3;
						TestTargetID = C5AEA5C01A9F921300249353;
					};
				};
			};
			buildConfigurationList = C5AEA5BC1A9F921300249353 /* Build configuration list for PBXProject "GPSSimulator_GMap" */;
			compatibilityVersion = "Xcode 3.2";
			developmentRegion = English;
			hasScannedForEncodings = 0;
			knownRegions = (
				en,
				Base,
			);
			mainGroup = C5AEA5B81A9F921300249353;
			productRefGroup = C5AEA5C21A9F921300249353 /* Products */;
			projectDirPath = "";
			projectReferences = (
				{
					ProductGroup = C5AEA5E71A9F932F00249353 /* Products */;
					ProjectRef = C5AEA5E61A9F932F00249353 /* BrightFutures.xcodeproj */;
				},
			);
			projectRoot = "";
			targets = (
				C5AEA5C01A9F921300249353 /* GPSSimulator_GMap */,
				C5AEA5D51A9F921300249353 /* GPSSimulator_GMapTests */,
			);
		};
/* End PBXProject section */

/* Begin PBXReferenceProxy section */
		C5AEA5EC1A9F932F00249353 /* BrightFutures.framework */ = {
			isa = PBXReferenceProxy;
			fileType = wrapper.framework;
			path = BrightFutures.framework;
			remoteRef = C5AEA5EB1A9F932F00249353 /* PBXContainerItemProxy */;
			sourceTree = BUILT_PRODUCTS_DIR;
		};
		C5AEA5EE1A9F932F00249353 /* BrightFuturesTests.xctest */ = {
			isa = PBXReferenceProxy;
			fileType = wrapper.cfbundle;
			path = BrightFuturesTests.xctest;
			remoteRef = C5AEA5ED1A9F932F00249353 /* PBXContainerItemProxy */;
			sourceTree = BUILT_PRODUCTS_DIR;
		};
/* End PBXReferenceProxy section */

/* Begin PBXResourcesBuildPhase section */
		C5AEA5BF1A9F921300249353 /* Resources */ = {
			isa = PBXResourcesBuildPhase;
			buildActionMask = 2147483647;
			files = (
				C5AEA5CC1A9F921300249353 /* Main.storyboard in Resources */,
				C5AEA5D11A9F921300249353 /* LaunchScreen.xib in Resources */,
				C5AEA5CE1A9F921300249353 /* Images.xcassets in Resources */,
				C5AEA6041A9FB7DF00249353 /* GoogleMaps.bundle in Resources */,
			);
			runOnlyForDeploymentPostprocessing = 0;
		};
		C5AEA5D41A9F921300249353 /* Resources */ = {
			isa = PBXResourcesBuildPhase;
			buildActionMask = 2147483647;
			files = (
			);
			runOnlyForDeploymentPostprocessing = 0;
		};
/* End PBXResourcesBuildPhase section */

/* Begin PBXSourcesBuildPhase section */
		C5AEA5BD1A9F921300249353 /* Sources */ = {
			isa = PBXSourcesBuildPhase;
			buildActionMask = 2147483647;
			files = (
				C5AEA5C91A9F921300249353 /* ViewController.swift in Sources */,
				C5AEA5FD1A9FB43E00249353 /* GoogleDataProvider.swift in Sources */,
				C5AEA5FF1A9FB50100249353 /* GooglePlace.swift in Sources */,
				C5AEA5C71A9F921300249353 /* AppDelegate.swift in Sources */,
			);
			runOnlyForDeploymentPostprocessing = 0;
		};
		C5AEA5D21A9F921300249353 /* Sources */ = {
			isa = PBXSourcesBuildPhase;
			buildActionMask = 2147483647;
			files = (
				C5AEA5DD1A9F921300249353 /* GPSSimulator_GMapTests.swift in Sources */,
			);
			runOnlyForDeploymentPostprocessing = 0;
		};
/* End PBXSourcesBuildPhase section */

/* Begin PBXTargetDependency section */
		C5AEA5D81A9F921300249353 /* PBXTargetDependency */ = {
			isa = PBXTargetDependency;
			target = C5AEA5C01A9F921300249353 /* GPSSimulator_GMap */;
			targetProxy = C5AEA5D71A9F921300249353 /* PBXContainerItemProxy */;
		};
		C5AEA5FB1A9F94D800249353 /* PBXTargetDependency */ = {
			isa = PBXTargetDependency;
			name = BrightFutures;
			targetProxy = C5AEA5FA1A9F94D800249353 /* PBXContainerItemProxy */;
		};
/* End PBXTargetDependency section */

/* Begin PBXVariantGroup section */
		C5AEA5CA1A9F921300249353 /* Main.storyboard */ = {
			isa = PBXVariantGroup;
			children = (
				C5AEA5CB1A9F921300249353 /* Base */,
			);
			name = Main.storyboard;
			sourceTree = "<group>";
		};
		C5AEA5CF1A9F921300249353 /* LaunchScreen.xib */ = {
			isa = PBXVariantGroup;
			children = (
				C5AEA5D01A9F921300249353 /* Base */,
			);
			name = LaunchScreen.xib;
			sourceTree = "<group>";
		};
/* End PBXVariantGroup section */

/* Begin XCBuildConfiguration section */
		C5AEA5DE1A9F921300249353 /* Debug */ = {
			isa = XCBuildConfiguration;
			buildSettings = {
				ALWAYS_SEARCH_USER_PATHS = NO;
				CLANG_CXX_LANGUAGE_STANDARD = "gnu++0x";
				CLANG_CXX_LIBRARY = "libc++";
				CLANG_ENABLE_MODULES = YES;
				CLANG_ENABLE_OBJC_ARC = YES;
				CLANG_WARN_BOOL_CONVERSION = YES;
				CLANG_WARN_CONSTANT_CONVERSION = YES;
				CLANG_WARN_DIRECT_OBJC_ISA_USAGE = YES_ERROR;
				CLANG_WARN_EMPTY_BODY = YES;
				CLANG_WARN_ENUM_CONVERSION = YES;
				CLANG_WARN_INT_CONVERSION = YES;
				CLANG_WARN_OBJC_ROOT_CLASS = YES_ERROR;
				CLANG_WARN_UNREACHABLE_CODE = YES;
				CLANG_WARN__DUPLICATE_METHOD_MATCH = YES;
				"CODE_SIGN_IDENTITY[sdk=iphoneos*]" = "iPhone Developer";
				COPY_PHASE_STRIP = NO;
				DEBUG_INFORMATION_FORMAT = dwarf;
				ENABLE_STRICT_OBJC_MSGSEND = YES;
				GCC_C_LANGUAGE_STANDARD = gnu99;
				GCC_DYNAMIC_NO_PIC = NO;
				GCC_NO_COMMON_BLOCKS = YES;
				GCC_OPTIMIZATION_LEVEL = 0;
				GCC_PREPROCESSOR_DEFINITIONS = (
					"DEBUG=1",
					"$(inherited)",
				);
				GCC_SYMBOLS_PRIVATE_EXTERN = NO;
				GCC_WARN_64_TO_32_BIT_CONVERSION = YES;
				GCC_WARN_ABOUT_RETURN_TYPE = YES_ERROR;
				GCC_WARN_UNDECLARED_SELECTOR = YES;
				GCC_WARN_UNINITIALIZED_AUTOS = YES_AGGRESSIVE;
				GCC_WARN_UNUSED_FUNCTION = YES;
				GCC_WARN_UNUSED_VARIABLE = YES;
				IPHONEOS_DEPLOYMENT_TARGET = 8.3;
				MTL_ENABLE_DEBUG_INFO = YES;
				ONLY_ACTIVE_ARCH = YES;
				OTHER_LDFLAGS = "-ObjC";
				SDKROOT = iphoneos;
				SWIFT_OPTIMIZATION_LEVEL = "-Onone";
			};
			name = Debug;
		};
		C5AEA5DF1A9F921300249353 /* Release */ = {
			isa = XCBuildConfiguration;
			buildSettings = {
				ALWAYS_SEARCH_USER_PATHS = NO;
				CLANG_CXX_LANGUAGE_STANDARD = "gnu++0x";
				CLANG_CXX_LIBRARY = "libc++";
				CLANG_ENABLE_MODULES = YES;
				CLANG_ENABLE_OBJC_ARC = YES;
				CLANG_WARN_BOOL_CONVERSION = YES;
				CLANG_WARN_CONSTANT_CONVERSION = YES;
				CLANG_WARN_DIRECT_OBJC_ISA_USAGE = YES_ERROR;
				CLANG_WARN_EMPTY_BODY = YES;
				CLANG_WARN_ENUM_CONVERSION = YES;
				CLANG_WARN_INT_CONVERSION = YES;
				CLANG_WARN_OBJC_ROOT_CLASS = YES_ERROR;
				CLANG_WARN_UNREACHABLE_CODE = YES;
				CLANG_WARN__DUPLICATE_METHOD_MATCH = YES;
				"CODE_SIGN_IDENTITY[sdk=iphoneos*]" = "iPhone Developer";
				COPY_PHASE_STRIP = NO;
				DEBUG_INFORMATION_FORMAT = "dwarf-with-dsym";
				ENABLE_NS_ASSERTIONS = NO;
				ENABLE_STRICT_OBJC_MSGSEND = YES;
				GCC_C_LANGUAGE_STANDARD = gnu99;
				GCC_NO_COMMON_BLOCKS = YES;
				GCC_WARN_64_TO_32_BIT_CONVERSION = YES;
				GCC_WARN_ABOUT_RETURN_TYPE = YES_ERROR;
				GCC_WARN_UNDECLARED_SELECTOR = YES;
				GCC_WARN_UNINITIALIZED_AUTOS = YES_AGGRESSIVE;
				GCC_WARN_UNUSED_FUNCTION = YES;
				GCC_WARN_UNUSED_VARIABLE = YES;
				IPHONEOS_DEPLOYMENT_TARGET = 8.3;
				MTL_ENABLE_DEBUG_INFO = NO;
				OTHER_LDFLAGS = "-ObjC";
				SDKROOT = iphoneos;
				VALIDATE_PRODUCT = YES;
			};
			name = Release;
		};
		C5AEA5E11A9F921300249353 /* Debug */ = {
			isa = XCBuildConfiguration;
			buildSettings = {
				ASSETCATALOG_COMPILER_APPICON_NAME = AppIcon;
				CLANG_ENABLE_MODULES = YES;
				FRAMEWORK_SEARCH_PATHS = (
					"$(inherited)",
					"$(PROJECT_DIR)/GPSSimulator_GMap",
				);
				INFOPLIST_FILE = GPSSimulator_GMap/Info.plist;
				LD_RUNPATH_SEARCH_PATHS = "$(inherited) @executable_path/Frameworks";
				PRODUCT_NAME = "$(TARGET_NAME)";
				SWIFT_OBJC_BRIDGING_HEADER = "GPSSimulator_GMap-Bridging-Header.h";
				SWIFT_OPTIMIZATION_LEVEL = "-Onone";
			};
			name = Debug;
		};
		C5AEA5E21A9F921300249353 /* Release */ = {
			isa = XCBuildConfiguration;
			buildSettings = {
				ASSETCATALOG_COMPILER_APPICON_NAME = AppIcon;
				CLANG_ENABLE_MODULES = YES;
				FRAMEWORK_SEARCH_PATHS = (
					"$(inherited)",
					"$(PROJECT_DIR)/GPSSimulator_GMap",
				);
				INFOPLIST_FILE = GPSSimulator_GMap/Info.plist;
				LD_RUNPATH_SEARCH_PATHS = "$(inherited) @executable_path/Frameworks";
				PRODUCT_NAME = "$(TARGET_NAME)";
				SWIFT_OBJC_BRIDGING_HEADER = "GPSSimulator_GMap-Bridging-Header.h";
			};
			name = Release;
		};
		C5AEA5E41A9F921300249353 /* Debug */ = {
			isa = XCBuildConfiguration;
			buildSettings = {
				BUNDLE_LOADER = "$(TEST_HOST)";
				FRAMEWORK_SEARCH_PATHS = (
					"$(SDKROOT)/Developer/Library/Frameworks",
					"$(inherited)",
				);
				GCC_PREPROCESSOR_DEFINITIONS = (
					"DEBUG=1",
					"$(inherited)",
				);
				INFOPLIST_FILE = GPSSimulator_GMapTests/Info.plist;
				LD_RUNPATH_SEARCH_PATHS = "$(inherited) @executable_path/Frameworks @loader_path/Frameworks";
				PRODUCT_NAME = "$(TARGET_NAME)";
				TEST_HOST = "$(BUILT_PRODUCTS_DIR)/GPSSimulator_GMap.app/GPSSimulator_GMap";
			};
			name = Debug;
		};
		C5AEA5E51A9F921300249353 /* Release */ = {
			isa = XCBuildConfiguration;
			buildSettings = {
				BUNDLE_LOADER = "$(TEST_HOST)";
				FRAMEWORK_SEARCH_PATHS = (
					"$(SDKROOT)/Developer/Library/Frameworks",
					"$(inherited)",
				);
				INFOPLIST_FILE = GPSSimulator_GMapTests/Info.plist;
				LD_RUNPATH_SEARCH_PATHS = "$(inherited) @executable_path/Frameworks @loader_path/Frameworks";
				PRODUCT_NAME = "$(TARGET_NAME)";
				TEST_HOST = "$(BUILT_PRODUCTS_DIR)/GPSSimulator_GMap.app/GPSSimulator_GMap";
			};
			name = Release;
		};
/* End XCBuildConfiguration section */

/* Begin XCConfigurationList section */
		C5AEA5BC1A9F921300249353 /* Build configuration list for PBXProject "GPSSimulator_GMap" */ = {
			isa = XCConfigurationList;
			buildConfigurations = (
				C5AEA5DE1A9F921300249353 /* Debug */,
				C5AEA5DF1A9F921300249353 /* Release */,
			);
			defaultConfigurationIsVisible = 0;
			defaultConfigurationName = Release;
		};
		C5AEA5E01A9F921300249353 /* Build configuration list for PBXNativeTarget "GPSSimulator_GMap" */ = {
			isa = XCConfigurationList;
			buildConfigurations = (
				C5AEA5E11A9F921300249353 /* Debug */,
				C5AEA5E21A9F921300249353 /* Release */,
			);
			defaultConfigurationIsVisible = 0;
			defaultConfigurationName = Release;
		};
		C5AEA5E31A9F921300249353 /* Build configuration list for PBXNativeTarget "GPSSimulator_GMapTests" */ = {
			isa = XCConfigurationList;
			buildConfigurations = (
				C5AEA5E41A9F921300249353 /* Debug */,
				C5AEA5E51A9F921300249353 /* Release */,
			);
			defaultConfigurationIsVisible = 0;
			defaultConfigurationName = Release;
		};
/* End XCConfigurationList section */
	};
	rootObject = C5AEA5B91A9F921300249353 /* Project object */;
}
