// !$*UTF8*$!
{
	archiveVersion = 1;
	classes = {
	};
	objectVersion = 46;
	objects = {

/* Begin PBXBuildFile section */
		C5A6398F1AA034EB00370D45 /* GPX.h in Headers */ = {isa = PBXBuildFile; fileRef = C5A6398E1AA034EB00370D45 /* GPX.h */; settings = {ATTRIBUTES = (Public, ); }; };
		C5A639951AA034EB00370D45 /* GPX.framework in Frameworks */ = {isa = PBXBuildFile; fileRef = C5A6398A1AA034EB00370D45 /* GPX.framework */; };
		C5A6399E1AA034EB00370D45 /* GPXTests.m in Sources */ = {isa = PBXBuildFile; fileRef = C5A6399D1AA034EB00370D45 /* GPXTests.m */; };
		C5A639A11AA034EB00370D45 /* GPX.framework in Frameworks */ = {isa = PBXBuildFile; fileRef = C5A6398A1AA034EB00370D45 /* GPX.framework */; };
		C5A639A21AA034EB00370D45 /* GPX.framework in Embed Frameworks */ = {isa = PBXBuildFile; fileRef = C5A6398A1AA034EB00370D45 /* GPX.framework */; settings = {ATTRIBUTES = (CodeSignOnCopy, RemoveHeadersOnCopy, ); }; };
		C5A639D91AA0353B00370D45 /* GPX-Prefix.pch in Headers */ = {isa = PBXBuildFile; fileRef = C5A639AB1AA0353B00370D45 /* GPX-Prefix.pch */; settings = {ATTRIBUTES = (Public, ); }; };
		C5A639DA1AA0353B00370D45 /* GPXAuthor.h in Headers */ = {isa = PBXBuildFile; fileRef = C5A639AC1AA0353B00370D45 /* GPXAuthor.h */; settings = {ATTRIBUTES = (Public, ); }; };
		C5A639DB1AA0353B00370D45 /* GPXAuthor.m in Sources */ = {isa = PBXBuildFile; fileRef = C5A639AD1AA0353B00370D45 /* GPXAuthor.m */; };
		C5A639DC1AA0353B00370D45 /* GPXBounds.h in Headers */ = {isa = PBXBuildFile; fileRef = C5A639AE1AA0353B00370D45 /* GPXBounds.h */; settings = {ATTRIBUTES = (Public, ); }; };
		C5A639DD1AA0353B00370D45 /* GPXBounds.m in Sources */ = {isa = PBXBuildFile; fileRef = C5A639AF1AA0353B00370D45 /* GPXBounds.m */; };
		C5A639DE1AA0353B00370D45 /* GPXConst.h in Headers */ = {isa = PBXBuildFile; fileRef = C5A639B01AA0353B00370D45 /* GPXConst.h */; settings = {ATTRIBUTES = (Public, ); }; };
		C5A639DF1AA0353B00370D45 /* GPXConst.m in Sources */ = {isa = PBXBuildFile; fileRef = C5A639B11AA0353B00370D45 /* GPXConst.m */; };
		C5A639E01AA0353B00370D45 /* GPXCopyright.h in Headers */ = {isa = PBXBuildFile; fileRef = C5A639B21AA0353B00370D45 /* GPXCopyright.h */; settings = {ATTRIBUTES = (Public, ); }; };
		C5A639E11AA0353B00370D45 /* GPXCopyright.m in Sources */ = {isa = PBXBuildFile; fileRef = C5A639B31AA0353B00370D45 /* GPXCopyright.m */; };
		C5A639E21AA0353B00370D45 /* GPXElement.h in Headers */ = {isa = PBXBuildFile; fileRef = C5A639B41AA0353B00370D45 /* GPXElement.h */; settings = {ATTRIBUTES = (Public, ); }; };
		C5A639E31AA0353B00370D45 /* GPXElement.m in Sources */ = {isa = PBXBuildFile; fileRef = C5A639B51AA0353B00370D45 /* GPXElement.m */; };
		C5A639E41AA0353B00370D45 /* GPXElementSubclass.h in Headers */ = {isa = PBXBuildFile; fileRef = C5A639B61AA0353B00370D45 /* GPXElementSubclass.h */; settings = {ATTRIBUTES = (Public, ); }; };
		C5A639E51AA0353B00370D45 /* GPXEmail.h in Headers */ = {isa = PBXBuildFile; fileRef = C5A639B71AA0353B00370D45 /* GPXEmail.h */; settings = {ATTRIBUTES = (Public, ); }; };
		C5A639E61AA0353B00370D45 /* GPXEmail.m in Sources */ = {isa = PBXBuildFile; fileRef = C5A639B81AA0353B00370D45 /* GPXEmail.m */; };
		C5A639E71AA0353B00370D45 /* GPXExtensions.h in Headers */ = {isa = PBXBuildFile; fileRef = C5A639B91AA0353B00370D45 /* GPXExtensions.h */; settings = {ATTRIBUTES = (Public, ); }; };
		C5A639E81AA0353B00370D45 /* GPXExtensions.m in Sources */ = {isa = PBXBuildFile; fileRef = C5A639BA1AA0353B00370D45 /* GPXExtensions.m */; };
		C5A639E91AA0353B00370D45 /* GPXLink.h in Headers */ = {isa = PBXBuildFile; fileRef = C5A639BB1AA0353B00370D45 /* GPXLink.h */; settings = {ATTRIBUTES = (Public, ); }; };
		C5A639EA1AA0353B00370D45 /* GPXLink.m in Sources */ = {isa = PBXBuildFile; fileRef = C5A639BC1AA0353B00370D45 /* GPXLink.m */; };
		C5A639EB1AA0353B00370D45 /* GPXMetadata.h in Headers */ = {isa = PBXBuildFile; fileRef = C5A639BD1AA0353B00370D45 /* GPXMetadata.h */; settings = {ATTRIBUTES = (Public, ); }; };
		C5A639EC1AA0353B00370D45 /* GPXMetadata.m in Sources */ = {isa = PBXBuildFile; fileRef = C5A639BE1AA0353B00370D45 /* GPXMetadata.m */; };
		C5A639ED1AA0353B00370D45 /* GPXParser.h in Headers */ = {isa = PBXBuildFile; fileRef = C5A639BF1AA0353B00370D45 /* GPXParser.h */; settings = {ATTRIBUTES = (Public, ); }; };
		C5A639EE1AA0353B00370D45 /* GPXParser.m in Sources */ = {isa = PBXBuildFile; fileRef = C5A639C01AA0353B00370D45 /* GPXParser.m */; };
		C5A639EF1AA0353B00370D45 /* GPXPerson.h in Headers */ = {isa = PBXBuildFile; fileRef = C5A639C11AA0353B00370D45 /* GPXPerson.h */; settings = {ATTRIBUTES = (Public, ); }; };
		C5A639F01AA0353B00370D45 /* GPXPerson.m in Sources */ = {isa = PBXBuildFile; fileRef = C5A639C21AA0353B00370D45 /* GPXPerson.m */; };
		C5A639F11AA0353B00370D45 /* GPXPoint.h in Headers */ = {isa = PBXBuildFile; fileRef = C5A639C31AA0353B00370D45 /* GPXPoint.h */; settings = {ATTRIBUTES = (Public, ); }; };
		C5A639F21AA0353B00370D45 /* GPXPoint.m in Sources */ = {isa = PBXBuildFile; fileRef = C5A639C41AA0353B00370D45 /* GPXPoint.m */; };
		C5A639F31AA0353B00370D45 /* GPXPointSegment.h in Headers */ = {isa = PBXBuildFile; fileRef = C5A639C51AA0353B00370D45 /* GPXPointSegment.h */; settings = {ATTRIBUTES = (Public, ); }; };
		C5A639F41AA0353B00370D45 /* GPXPointSegment.m in Sources */ = {isa = PBXBuildFile; fileRef = C5A639C61AA0353B00370D45 /* GPXPointSegment.m */; };
		C5A639F51AA0353B00370D45 /* GPXRoot.h in Headers */ = {isa = PBXBuildFile; fileRef = C5A639C71AA0353B00370D45 /* GPXRoot.h */; settings = {ATTRIBUTES = (Public, ); }; };
		C5A639F61AA0353B00370D45 /* GPXRoot.m in Sources */ = {isa = PBXBuildFile; fileRef = C5A639C81AA0353B00370D45 /* GPXRoot.m */; };
		C5A639F71AA0353B00370D45 /* GPXRoute.h in Headers */ = {isa = PBXBuildFile; fileRef = C5A639C91AA0353B00370D45 /* GPXRoute.h */; settings = {ATTRIBUTES = (Public, ); }; };
		C5A639F81AA0353B00370D45 /* GPXRoute.m in Sources */ = {isa = PBXBuildFile; fileRef = C5A639CA1AA0353B00370D45 /* GPXRoute.m */; };
		C5A639F91AA0353B00370D45 /* GPXRoutePoint.h in Headers */ = {isa = PBXBuildFile; fileRef = C5A639CB1AA0353B00370D45 /* GPXRoutePoint.h */; settings = {ATTRIBUTES = (Public, ); }; };
		C5A639FA1AA0353B00370D45 /* GPXRoutePoint.m in Sources */ = {isa = PBXBuildFile; fileRef = C5A639CC1AA0353B00370D45 /* GPXRoutePoint.m */; };
		C5A639FB1AA0353B00370D45 /* GPXTrack.h in Headers */ = {isa = PBXBuildFile; fileRef = C5A639CD1AA0353B00370D45 /* GPXTrack.h */; settings = {ATTRIBUTES = (Public, ); }; };
		C5A639FC1AA0353B00370D45 /* GPXTrack.m in Sources */ = {isa = PBXBuildFile; fileRef = C5A639CE1AA0353B00370D45 /* GPXTrack.m */; };
		C5A639FD1AA0353B00370D45 /* GPXTrackPoint.h in Headers */ = {isa = PBXBuildFile; fileRef = C5A639CF1AA0353B00370D45 /* GPXTrackPoint.h */; settings = {ATTRIBUTES = (Public, ); }; };
		C5A639FE1AA0353B00370D45 /* GPXTrackPoint.m in Sources */ = {isa = PBXBuildFile; fileRef = C5A639D01AA0353B00370D45 /* GPXTrackPoint.m */; };
		C5A639FF1AA0353B00370D45 /* GPXTrackSegment.h in Headers */ = {isa = PBXBuildFile; fileRef = C5A639D11AA0353B00370D45 /* GPXTrackSegment.h */; settings = {ATTRIBUTES = (Public, ); }; };
		C5A63A001AA0353B00370D45 /* GPXTrackSegment.m in Sources */ = {isa = PBXBuildFile; fileRef = C5A639D21AA0353B00370D45 /* GPXTrackSegment.m */; };
		C5A63A011AA0353B00370D45 /* GPXType.h in Headers */ = {isa = PBXBuildFile; fileRef = C5A639D31AA0353B00370D45 /* GPXType.h */; settings = {ATTRIBUTES = (Public, ); }; };
		C5A63A021AA0353B00370D45 /* GPXType.m in Sources */ = {isa = PBXBuildFile; fileRef = C5A639D41AA0353B00370D45 /* GPXType.m */; };
		C5A63A031AA0353B00370D45 /* GPXWaypoint.h in Headers */ = {isa = PBXBuildFile; fileRef = C5A639D51AA0353B00370D45 /* GPXWaypoint.h */; settings = {ATTRIBUTES = (Public, ); }; };
		C5A63A041AA0353B00370D45 /* GPXWaypoint.m in Sources */ = {isa = PBXBuildFile; fileRef = C5A639D61AA0353B00370D45 /* GPXWaypoint.m */; };
		C5A63A051AA0353B00370D45 /* GPXXML.h in Headers */ = {isa = PBXBuildFile; fileRef = C5A639D71AA0353B00370D45 /* GPXXML.h */; settings = {ATTRIBUTES = (Public, ); }; };
		C5A63A061AA0353B00370D45 /* GPXXML.m in Sources */ = {isa = PBXBuildFile; fileRef = C5A639D81AA0353B00370D45 /* GPXXML.m */; };
		C5AEA5C71A9F921300249353 /* AppDelegate.swift in Sources */ = {isa = PBXBuildFile; fileRef = C5AEA5C61A9F921300249353 /* AppDelegate.swift */; };
		C5AEA5C91A9F921300249353 /* ViewController.swift in Sources */ = {isa = PBXBuildFile; fileRef = C5AEA5C81A9F921300249353 /* ViewController.swift */; };
		C5AEA5CC1A9F921300249353 /* Main.storyboard in Resources */ = {isa = PBXBuildFile; fileRef = C5AEA5CA1A9F921300249353 /* Main.storyboard */; };
		C5AEA5CE1A9F921300249353 /* Images.xcassets in Resources */ = {isa = PBXBuildFile; fileRef = C5AEA5CD1A9F921300249353 /* Images.xcassets */; };
		C5AEA5D11A9F921300249353 /* LaunchScreen.xib in Resources */ = {isa = PBXBuildFile; fileRef = C5AEA5CF1A9F921300249353 /* LaunchScreen.xib */; };
		C5AEA5DD1A9F921300249353 /* GPSSimulator_GMapTests.swift in Sources */ = {isa = PBXBuildFile; fileRef = C5AEA5DC1A9F921300249353 /* GPSSimulator_GMapTests.swift */; };
		C5AEA5F01A9F936C00249353 /* GoogleMaps.framework in Frameworks */ = {isa = PBXBuildFile; fileRef = C5AEA5EF1A9F936C00249353 /* GoogleMaps.framework */; };
		C5AEA5F21A9F93DA00249353 /* CoreLocation.framework in Frameworks */ = {isa = PBXBuildFile; fileRef = C5AEA5F11A9F93DA00249353 /* CoreLocation.framework */; };
		C5AEA5F61A9F943E00249353 /* libc++.dylib in Frameworks */ = {isa = PBXBuildFile; fileRef = C5AEA5F31A9F943E00249353 /* libc++.dylib */; };
		C5AEA5F71A9F943E00249353 /* libicucore.dylib in Frameworks */ = {isa = PBXBuildFile; fileRef = C5AEA5F41A9F943E00249353 /* libicucore.dylib */; };
		C5AEA5F81A9F943E00249353 /* libz.dylib in Frameworks */ = {isa = PBXBuildFile; fileRef = C5AEA5F51A9F943E00249353 /* libz.dylib */; };
		C5AEA5FD1A9FB43E00249353 /* GoogleDataProvider.swift in Sources */ = {isa = PBXBuildFile; fileRef = C5AEA5FC1A9FB43E00249353 /* GoogleDataProvider.swift */; };
		C5AEA5FF1A9FB50100249353 /* GooglePlace.swift in Sources */ = {isa = PBXBuildFile; fileRef = C5AEA5FE1A9FB50100249353 /* GooglePlace.swift */; };
		C5AEA6041A9FB7DF00249353 /* GoogleMaps.bundle in Resources */ = {isa = PBXBuildFile; fileRef = C5AEA6031A9FB7DF00249353 /* GoogleMaps.bundle */; };
		C5AEA6061A9FB81900249353 /* QuartzCore.framework in Frameworks */ = {isa = PBXBuildFile; fileRef = C5AEA6051A9FB81900249353 /* QuartzCore.framework */; };
		C5AEA6081A9FB84700249353 /* GLKit.framework in Frameworks */ = {isa = PBXBuildFile; fileRef = C5AEA6071A9FB84700249353 /* GLKit.framework */; };
		C5AEA60A1A9FB85100249353 /* OpenGLES.framework in Frameworks */ = {isa = PBXBuildFile; fileRef = C5AEA6091A9FB85100249353 /* OpenGLES.framework */; };
		C5AEA60C1A9FB87800249353 /* CoreText.framework in Frameworks */ = {isa = PBXBuildFile; fileRef = C5AEA60B1A9FB87800249353 /* CoreText.framework */; };
		C5AEA60E1A9FB89200249353 /* AVFoundation.framework in Frameworks */ = {isa = PBXBuildFile; fileRef = C5AEA60D1A9FB89200249353 /* AVFoundation.framework */; };
		C5AEA6101A9FB8A300249353 /* CoreData.framework in Frameworks */ = {isa = PBXBuildFile; fileRef = C5AEA60F1A9FB8A300249353 /* CoreData.framework */; };
		C5AEA6121A9FB8C100249353 /* ImageIO.framework in Frameworks */ = {isa = PBXBuildFile; fileRef = C5AEA6111A9FB8C100249353 /* ImageIO.framework */; };
		C5AEA6141A9FB8DE00249353 /* SystemConfiguration.framework in Frameworks */ = {isa = PBXBuildFile; fileRef = C5AEA6131A9FB8DE00249353 /* SystemConfiguration.framework */; };
		C5B98E7E1AA1D91400597066 /* LocationSimulator.swift in Sources */ = {isa = PBXBuildFile; fileRef = C5B98E7D1AA1D91400597066 /* LocationSimulator.swift */; };
/* End PBXBuildFile section */

/* Begin PBXContainerItemProxy section */
		C5A639961AA034EB00370D45 /* PBXContainerItemProxy */ = {
			isa = PBXContainerItemProxy;
			containerPortal = C5AEA5B91A9F921300249353 /* Project object */;
			proxyType = 1;
			remoteGlobalIDString = C5A639891AA034EB00370D45;
			remoteInfo = GPX;
		};
		C5A639981AA034EB00370D45 /* PBXContainerItemProxy */ = {
			isa = PBXContainerItemProxy;
			containerPortal = C5AEA5B91A9F921300249353 /* Project object */;
			proxyType = 1;
			remoteGlobalIDString = C5AEA5C01A9F921300249353;
			remoteInfo = GPSSimulator_GMap;
		};
		C5A6399F1AA034EB00370D45 /* PBXContainerItemProxy */ = {
			isa = PBXContainerItemProxy;
			containerPortal = C5AEA5B91A9F921300249353 /* Project object */;
			proxyType = 1;
			remoteGlobalIDString = C5A639891AA034EB00370D45;
			remoteInfo = GPX;
		};
		C5AEA5D71A9F921300249353 /* PBXContainerItemProxy */ = {
			isa = PBXContainerItemProxy;
			containerPortal = C5AEA5B91A9F921300249353 /* Project object */;
			proxyType = 1;
			remoteGlobalIDString = C5AEA5C01A9F921300249353;
			remoteInfo = GPSSimulator_GMap;
		};
		C5F421351AA04AB600890ADE /* PBXContainerItemProxy */ = {
			isa = PBXContainerItemProxy;
			containerPortal = C5F421301AA04AB600890ADE /* BrightFutures.xcodeproj */;
			proxyType = 2;
			remoteGlobalIDString = E9DF0815194470060083F7F2;
			remoteInfo = BrightFutures;
		};
		C5F421371AA04AB600890ADE /* PBXContainerItemProxy */ = {
			isa = PBXContainerItemProxy;
			containerPortal = C5F421301AA04AB600890ADE /* BrightFutures.xcodeproj */;
			proxyType = 2;
			remoteGlobalIDString = E9DF0820194470060083F7F2;
			remoteInfo = BrightFuturesTests;
		};
		C5F421391AA04B5300890ADE /* PBXContainerItemProxy */ = {
			isa = PBXContainerItemProxy;
			containerPortal = C5F421301AA04AB600890ADE /* BrightFutures.xcodeproj */;
			proxyType = 1;
			remoteGlobalIDString = E9DF0814194470060083F7F2;
			remoteInfo = BrightFutures;
		};
/* End PBXContainerItemProxy section */

/* Begin PBXCopyFilesBuildPhase section */
		C5A639A91AA034EB00370D45 /* Embed Frameworks */ = {
			isa = PBXCopyFilesBuildPhase;
			buildActionMask = 2147483647;
			dstPath = "";
			dstSubfolderSpec = 10;
			files = (
				C5A639A21AA034EB00370D45 /* GPX.framework in Embed Frameworks */,
			);
			name = "Embed Frameworks";
			runOnlyForDeploymentPostprocessing = 0;
		};
/* End PBXCopyFilesBuildPhase section */

/* Begin PBXFileReference section */
		C5A6398A1AA034EB00370D45 /* GPX.framework */ = {isa = PBXFileReference; explicitFileType = wrapper.framework; includeInIndex = 0; path = GPX.framework; sourceTree = BUILT_PRODUCTS_DIR; };
		C5A6398D1AA034EB00370D45 /* Info.plist */ = {isa = PBXFileReference; lastKnownFileType = text.plist.xml; path = Info.plist; sourceTree = "<group>"; };
		C5A6398E1AA034EB00370D45 /* GPX.h */ = {isa = PBXFileReference; lastKnownFileType = sourcecode.c.h; path = GPX.h; sourceTree = "<group>"; };
		C5A639941AA034EB00370D45 /* GPXTests.xctest */ = {isa = PBXFileReference; explicitFileType = wrapper.cfbundle; includeInIndex = 0; path = GPXTests.xctest; sourceTree = BUILT_PRODUCTS_DIR; };
		C5A6399C1AA034EB00370D45 /* Info.plist */ = {isa = PBXFileReference; lastKnownFileType = text.plist.xml; path = Info.plist; sourceTree = "<group>"; };
		C5A6399D1AA034EB00370D45 /* GPXTests.m */ = {isa = PBXFileReference; lastKnownFileType = sourcecode.c.objc; path = GPXTests.m; sourceTree = "<group>"; };
		C5A639AB1AA0353B00370D45 /* GPX-Prefix.pch */ = {isa = PBXFileReference; fileEncoding = 4; lastKnownFileType = sourcecode.c.h; path = "GPX-Prefix.pch"; sourceTree = "<group>"; };
		C5A639AC1AA0353B00370D45 /* GPXAuthor.h */ = {isa = PBXFileReference; fileEncoding = 4; lastKnownFileType = sourcecode.c.h; path = GPXAuthor.h; sourceTree = "<group>"; };
		C5A639AD1AA0353B00370D45 /* GPXAuthor.m */ = {isa = PBXFileReference; fileEncoding = 4; lastKnownFileType = sourcecode.c.objc; path = GPXAuthor.m; sourceTree = "<group>"; };
		C5A639AE1AA0353B00370D45 /* GPXBounds.h */ = {isa = PBXFileReference; fileEncoding = 4; lastKnownFileType = sourcecode.c.h; path = GPXBounds.h; sourceTree = "<group>"; };
		C5A639AF1AA0353B00370D45 /* GPXBounds.m */ = {isa = PBXFileReference; fileEncoding = 4; lastKnownFileType = sourcecode.c.objc; path = GPXBounds.m; sourceTree = "<group>"; };
		C5A639B01AA0353B00370D45 /* GPXConst.h */ = {isa = PBXFileReference; fileEncoding = 4; lastKnownFileType = sourcecode.c.h; path = GPXConst.h; sourceTree = "<group>"; };
		C5A639B11AA0353B00370D45 /* GPXConst.m */ = {isa = PBXFileReference; fileEncoding = 4; lastKnownFileType = sourcecode.c.objc; path = GPXConst.m; sourceTree = "<group>"; };
		C5A639B21AA0353B00370D45 /* GPXCopyright.h */ = {isa = PBXFileReference; fileEncoding = 4; lastKnownFileType = sourcecode.c.h; path = GPXCopyright.h; sourceTree = "<group>"; };
		C5A639B31AA0353B00370D45 /* GPXCopyright.m */ = {isa = PBXFileReference; fileEncoding = 4; lastKnownFileType = sourcecode.c.objc; path = GPXCopyright.m; sourceTree = "<group>"; };
		C5A639B41AA0353B00370D45 /* GPXElement.h */ = {isa = PBXFileReference; fileEncoding = 4; lastKnownFileType = sourcecode.c.h; path = GPXElement.h; sourceTree = "<group>"; };
		C5A639B51AA0353B00370D45 /* GPXElement.m */ = {isa = PBXFileReference; fileEncoding = 4; lastKnownFileType = sourcecode.c.objc; path = GPXElement.m; sourceTree = "<group>"; };
		C5A639B61AA0353B00370D45 /* GPXElementSubclass.h */ = {isa = PBXFileReference; fileEncoding = 4; lastKnownFileType = sourcecode.c.h; path = GPXElementSubclass.h; sourceTree = "<group>"; };
		C5A639B71AA0353B00370D45 /* GPXEmail.h */ = {isa = PBXFileReference; fileEncoding = 4; lastKnownFileType = sourcecode.c.h; path = GPXEmail.h; sourceTree = "<group>"; };
		C5A639B81AA0353B00370D45 /* GPXEmail.m */ = {isa = PBXFileReference; fileEncoding = 4; lastKnownFileType = sourcecode.c.objc; path = GPXEmail.m; sourceTree = "<group>"; };
		C5A639B91AA0353B00370D45 /* GPXExtensions.h */ = {isa = PBXFileReference; fileEncoding = 4; lastKnownFileType = sourcecode.c.h; path = GPXExtensions.h; sourceTree = "<group>"; };
		C5A639BA1AA0353B00370D45 /* GPXExtensions.m */ = {isa = PBXFileReference; fileEncoding = 4; lastKnownFileType = sourcecode.c.objc; path = GPXExtensions.m; sourceTree = "<group>"; };
		C5A639BB1AA0353B00370D45 /* GPXLink.h */ = {isa = PBXFileReference; fileEncoding = 4; lastKnownFileType = sourcecode.c.h; path = GPXLink.h; sourceTree = "<group>"; };
		C5A639BC1AA0353B00370D45 /* GPXLink.m */ = {isa = PBXFileReference; fileEncoding = 4; lastKnownFileType = sourcecode.c.objc; path = GPXLink.m; sourceTree = "<group>"; };
		C5A639BD1AA0353B00370D45 /* GPXMetadata.h */ = {isa = PBXFileReference; fileEncoding = 4; lastKnownFileType = sourcecode.c.h; path = GPXMetadata.h; sourceTree = "<group>"; };
		C5A639BE1AA0353B00370D45 /* GPXMetadata.m */ = {isa = PBXFileReference; fileEncoding = 4; lastKnownFileType = sourcecode.c.objc; path = GPXMetadata.m; sourceTree = "<group>"; };
		C5A639BF1AA0353B00370D45 /* GPXParser.h */ = {isa = PBXFileReference; fileEncoding = 4; lastKnownFileType = sourcecode.c.h; path = GPXParser.h; sourceTree = "<group>"; };
		C5A639C01AA0353B00370D45 /* GPXParser.m */ = {isa = PBXFileReference; fileEncoding = 4; lastKnownFileType = sourcecode.c.objc; path = GPXParser.m; sourceTree = "<group>"; };
		C5A639C11AA0353B00370D45 /* GPXPerson.h */ = {isa = PBXFileReference; fileEncoding = 4; lastKnownFileType = sourcecode.c.h; path = GPXPerson.h; sourceTree = "<group>"; };
		C5A639C21AA0353B00370D45 /* GPXPerson.m */ = {isa = PBXFileReference; fileEncoding = 4; lastKnownFileType = sourcecode.c.objc; path = GPXPerson.m; sourceTree = "<group>"; };
		C5A639C31AA0353B00370D45 /* GPXPoint.h */ = {isa = PBXFileReference; fileEncoding = 4; lastKnownFileType = sourcecode.c.h; path = GPXPoint.h; sourceTree = "<group>"; };
		C5A639C41AA0353B00370D45 /* GPXPoint.m */ = {isa = PBXFileReference; fileEncoding = 4; lastKnownFileType = sourcecode.c.objc; path = GPXPoint.m; sourceTree = "<group>"; };
		C5A639C51AA0353B00370D45 /* GPXPointSegment.h */ = {isa = PBXFileReference; fileEncoding = 4; lastKnownFileType = sourcecode.c.h; path = GPXPointSegment.h; sourceTree = "<group>"; };
		C5A639C61AA0353B00370D45 /* GPXPointSegment.m */ = {isa = PBXFileReference; fileEncoding = 4; lastKnownFileType = sourcecode.c.objc; path = GPXPointSegment.m; sourceTree = "<group>"; };
		C5A639C71AA0353B00370D45 /* GPXRoot.h */ = {isa = PBXFileReference; fileEncoding = 4; lastKnownFileType = sourcecode.c.h; path = GPXRoot.h; sourceTree = "<group>"; };
		C5A639C81AA0353B00370D45 /* GPXRoot.m */ = {isa = PBXFileReference; fileEncoding = 4; lastKnownFileType = sourcecode.c.objc; path = GPXRoot.m; sourceTree = "<group>"; };
		C5A639C91AA0353B00370D45 /* GPXRoute.h */ = {isa = PBXFileReference; fileEncoding = 4; lastKnownFileType = sourcecode.c.h; path = GPXRoute.h; sourceTree = "<group>"; };
		C5A639CA1AA0353B00370D45 /* GPXRoute.m */ = {isa = PBXFileReference; fileEncoding = 4; lastKnownFileType = sourcecode.c.objc; path = GPXRoute.m; sourceTree = "<group>"; };
		C5A639CB1AA0353B00370D45 /* GPXRoutePoint.h */ = {isa = PBXFileReference; fileEncoding = 4; lastKnownFileType = sourcecode.c.h; path = GPXRoutePoint.h; sourceTree = "<group>"; };
		C5A639CC1AA0353B00370D45 /* GPXRoutePoint.m */ = {isa = PBXFileReference; fileEncoding = 4; lastKnownFileType = sourcecode.c.objc; path = GPXRoutePoint.m; sourceTree = "<group>"; };
		C5A639CD1AA0353B00370D45 /* GPXTrack.h */ = {isa = PBXFileReference; fileEncoding = 4; lastKnownFileType = sourcecode.c.h; path = GPXTrack.h; sourceTree = "<group>"; };
		C5A639CE1AA0353B00370D45 /* GPXTrack.m */ = {isa = PBXFileReference; fileEncoding = 4; lastKnownFileType = sourcecode.c.objc; path = GPXTrack.m; sourceTree = "<group>"; };
		C5A639CF1AA0353B00370D45 /* GPXTrackPoint.h */ = {isa = PBXFileReference; fileEncoding = 4; lastKnownFileType = sourcecode.c.h; path = GPXTrackPoint.h; sourceTree = "<group>"; };
		C5A639D01AA0353B00370D45 /* GPXTrackPoint.m */ = {isa = PBXFileReference; fileEncoding = 4; lastKnownFileType = sourcecode.c.objc; path = GPXTrackPoint.m; sourceTree = "<group>"; };
		C5A639D11AA0353B00370D45 /* GPXTrackSegment.h */ = {isa = PBXFileReference; fileEncoding = 4; lastKnownFileType = sourcecode.c.h; path = GPXTrackSegment.h; sourceTree = "<group>"; };
		C5A639D21AA0353B00370D45 /* GPXTrackSegment.m */ = {isa = PBXFileReference; fileEncoding = 4; lastKnownFileType = sourcecode.c.objc; path = GPXTrackSegment.m; sourceTree = "<group>"; };
		C5A639D31AA0353B00370D45 /* GPXType.h */ = {isa = PBXFileReference; fileEncoding = 4; lastKnownFileType = sourcecode.c.h; path = GPXType.h; sourceTree = "<group>"; };
		C5A639D41AA0353B00370D45 /* GPXType.m */ = {isa = PBXFileReference; fileEncoding = 4; lastKnownFileType = sourcecode.c.objc; path = GPXType.m; sourceTree = "<group>"; };
		C5A639D51AA0353B00370D45 /* GPXWaypoint.h */ = {isa = PBXFileReference; fileEncoding = 4; lastKnownFileType = sourcecode.c.h; path = GPXWaypoint.h; sourceTree = "<group>"; };
		C5A639D61AA0353B00370D45 /* GPXWaypoint.m */ = {isa = PBXFileReference; fileEncoding = 4; lastKnownFileType = sourcecode.c.objc; path = GPXWaypoint.m; sourceTree = "<group>"; };
		C5A639D71AA0353B00370D45 /* GPXXML.h */ = {isa = PBXFileReference; fileEncoding = 4; lastKnownFileType = sourcecode.c.h; path = GPXXML.h; sourceTree = "<group>"; };
		C5A639D81AA0353B00370D45 /* GPXXML.m */ = {isa = PBXFileReference; fileEncoding = 4; lastKnownFileType = sourcecode.c.objc; path = GPXXML.m; sourceTree = "<group>"; };
		C5AEA5C11A9F921300249353 /* GPSSimulator_GMap.app */ = {isa = PBXFileReference; explicitFileType = wrapper.application; includeInIndex = 0; path = GPSSimulator_GMap.app; sourceTree = BUILT_PRODUCTS_DIR; };
		C5AEA5C51A9F921300249353 /* Info.plist */ = {isa = PBXFileReference; lastKnownFileType = text.plist.xml; path = Info.plist; sourceTree = "<group>"; };
		C5AEA5C61A9F921300249353 /* AppDelegate.swift */ = {isa = PBXFileReference; lastKnownFileType = sourcecode.swift; path = AppDelegate.swift; sourceTree = "<group>"; };
		C5AEA5C81A9F921300249353 /* ViewController.swift */ = {isa = PBXFileReference; lastKnownFileType = sourcecode.swift; path = ViewController.swift; sourceTree = "<group>"; };
		C5AEA5CB1A9F921300249353 /* Base */ = {isa = PBXFileReference; lastKnownFileType = file.storyboard; name = Base; path = Base.lproj/Main.storyboard; sourceTree = "<group>"; };
		C5AEA5CD1A9F921300249353 /* Images.xcassets */ = {isa = PBXFileReference; lastKnownFileType = folder.assetcatalog; path = Images.xcassets; sourceTree = "<group>"; };
		C5AEA5D01A9F921300249353 /* Base */ = {isa = PBXFileReference; lastKnownFileType = file.xib; name = Base; path = Base.lproj/LaunchScreen.xib; sourceTree = "<group>"; };
		C5AEA5D61A9F921300249353 /* GPSSimulator_GMapTests.xctest */ = {isa = PBXFileReference; explicitFileType = wrapper.cfbundle; includeInIndex = 0; path = GPSSimulator_GMapTests.xctest; sourceTree = BUILT_PRODUCTS_DIR; };
		C5AEA5DB1A9F921300249353 /* Info.plist */ = {isa = PBXFileReference; lastKnownFileType = text.plist.xml; path = Info.plist; sourceTree = "<group>"; };
		C5AEA5DC1A9F921300249353 /* GPSSimulator_GMapTests.swift */ = {isa = PBXFileReference; lastKnownFileType = sourcecode.swift; path = GPSSimulator_GMapTests.swift; sourceTree = "<group>"; };
		C5AEA5EF1A9F936C00249353 /* GoogleMaps.framework */ = {isa = PBXFileReference; lastKnownFileType = wrapper.framework; name = GoogleMaps.framework; path = GPSSimulator_GMap/GoogleMaps.framework; sourceTree = "<group>"; };
		C5AEA5F11A9F93DA00249353 /* CoreLocation.framework */ = {isa = PBXFileReference; lastKnownFileType = wrapper.framework; name = CoreLocation.framework; path = System/Library/Frameworks/CoreLocation.framework; sourceTree = SDKROOT; };
		C5AEA5F31A9F943E00249353 /* libc++.dylib */ = {isa = PBXFileReference; lastKnownFileType = "compiled.mach-o.dylib"; name = "libc++.dylib"; path = "usr/lib/libc++.dylib"; sourceTree = SDKROOT; };
		C5AEA5F41A9F943E00249353 /* libicucore.dylib */ = {isa = PBXFileReference; lastKnownFileType = "compiled.mach-o.dylib"; name = libicucore.dylib; path = usr/lib/libicucore.dylib; sourceTree = SDKROOT; };
		C5AEA5F51A9F943E00249353 /* libz.dylib */ = {isa = PBXFileReference; lastKnownFileType = "compiled.mach-o.dylib"; name = libz.dylib; path = usr/lib/libz.dylib; sourceTree = SDKROOT; };
		C5AEA5FC1A9FB43E00249353 /* GoogleDataProvider.swift */ = {isa = PBXFileReference; fileEncoding = 4; lastKnownFileType = sourcecode.swift; path = GoogleDataProvider.swift; sourceTree = "<group>"; };
		C5AEA5FE1A9FB50100249353 /* GooglePlace.swift */ = {isa = PBXFileReference; fileEncoding = 4; lastKnownFileType = sourcecode.swift; path = GooglePlace.swift; sourceTree = "<group>"; };
		C5AEA6001A9FB64000249353 /* GPSSimulator_GMap-Bridging-Header.h */ = {isa = PBXFileReference; lastKnownFileType = sourcecode.c.h; path = "GPSSimulator_GMap-Bridging-Header.h"; sourceTree = "<group>"; };
		C5AEA6031A9FB7DF00249353 /* GoogleMaps.bundle */ = {isa = PBXFileReference; lastKnownFileType = "wrapper.plug-in"; name = GoogleMaps.bundle; path = GPSSimulator_GMap/GoogleMaps.framework/Versions/A/Resources/GoogleMaps.bundle; sourceTree = "<group>"; };
		C5AEA6051A9FB81900249353 /* QuartzCore.framework */ = {isa = PBXFileReference; lastKnownFileType = wrapper.framework; name = QuartzCore.framework; path = System/Library/Frameworks/QuartzCore.framework; sourceTree = SDKROOT; };
		C5AEA6071A9FB84700249353 /* GLKit.framework */ = {isa = PBXFileReference; lastKnownFileType = wrapper.framework; name = GLKit.framework; path = System/Library/Frameworks/GLKit.framework; sourceTree = SDKROOT; };
		C5AEA6091A9FB85100249353 /* OpenGLES.framework */ = {isa = PBXFileReference; lastKnownFileType = wrapper.framework; name = OpenGLES.framework; path = System/Library/Frameworks/OpenGLES.framework; sourceTree = SDKROOT; };
		C5AEA60B1A9FB87800249353 /* CoreText.framework */ = {isa = PBXFileReference; lastKnownFileType = wrapper.framework; name = CoreText.framework; path = System/Library/Frameworks/CoreText.framework; sourceTree = SDKROOT; };
		C5AEA60D1A9FB89200249353 /* AVFoundation.framework */ = {isa = PBXFileReference; lastKnownFileType = wrapper.framework; name = AVFoundation.framework; path = System/Library/Frameworks/AVFoundation.framework; sourceTree = SDKROOT; };
		C5AEA60F1A9FB8A300249353 /* CoreData.framework */ = {isa = PBXFileReference; lastKnownFileType = wrapper.framework; name = CoreData.framework; path = System/Library/Frameworks/CoreData.framework; sourceTree = SDKROOT; };
		C5AEA6111A9FB8C100249353 /* ImageIO.framework */ = {isa = PBXFileReference; lastKnownFileType = wrapper.framework; name = ImageIO.framework; path = System/Library/Frameworks/ImageIO.framework; sourceTree = SDKROOT; };
		C5AEA6131A9FB8DE00249353 /* SystemConfiguration.framework */ = {isa = PBXFileReference; lastKnownFileType = wrapper.framework; name = SystemConfiguration.framework; path = System/Library/Frameworks/SystemConfiguration.framework; sourceTree = SDKROOT; };
		C5B98E7D1AA1D91400597066 /* LocationSimulator.swift */ = {isa = PBXFileReference; fileEncoding = 4; lastKnownFileType = sourcecode.swift; path = LocationSimulator.swift; sourceTree = "<group>"; };
		C5F421301AA04AB600890ADE /* BrightFutures.xcodeproj */ = {isa = PBXFileReference; lastKnownFileType = "wrapper.pb-project"; name = BrightFutures.xcodeproj; path = BrightFutures_swift1.2/BrightFutures.xcodeproj; sourceTree = "<group>"; };
/* End PBXFileReference section */

/* Begin PBXFrameworksBuildPhase section */
		C5A639861AA034EB00370D45 /* Frameworks */ = {
			isa = PBXFrameworksBuildPhase;
			buildActionMask = 2147483647;
			files = (
			);
			runOnlyForDeploymentPostprocessing = 0;
		};
		C5A639911AA034EB00370D45 /* Frameworks */ = {
			isa = PBXFrameworksBuildPhase;
			buildActionMask = 2147483647;
			files = (
				C5A639951AA034EB00370D45 /* GPX.framework in Frameworks */,
			);
			runOnlyForDeploymentPostprocessing = 0;
		};
		C5AEA5BE1A9F921300249353 /* Frameworks */ = {
			isa = PBXFrameworksBuildPhase;
			buildActionMask = 2147483647;
			files = (
				C5AEA6141A9FB8DE00249353 /* SystemConfiguration.framework in Frameworks */,
				C5AEA6121A9FB8C100249353 /* ImageIO.framework in Frameworks */,
				C5AEA6101A9FB8A300249353 /* CoreData.framework in Frameworks */,
				C5AEA60E1A9FB89200249353 /* AVFoundation.framework in Frameworks */,
				C5A639A11AA034EB00370D45 /* GPX.framework in Frameworks */,
				C5AEA60C1A9FB87800249353 /* CoreText.framework in Frameworks */,
				C5AEA60A1A9FB85100249353 /* OpenGLES.framework in Frameworks */,
				C5AEA6081A9FB84700249353 /* GLKit.framework in Frameworks */,
				C5AEA6061A9FB81900249353 /* QuartzCore.framework in Frameworks */,
				C5AEA5F61A9F943E00249353 /* libc++.dylib in Frameworks */,
				C5AEA5F71A9F943E00249353 /* libicucore.dylib in Frameworks */,
				C5AEA5F81A9F943E00249353 /* libz.dylib in Frameworks */,
				C5AEA5F21A9F93DA00249353 /* CoreLocation.framework in Frameworks */,
				C5AEA5F01A9F936C00249353 /* GoogleMaps.framework in Frameworks */,
			);
			runOnlyForDeploymentPostprocessing = 0;
		};
		C5AEA5D31A9F921300249353 /* Frameworks */ = {
			isa = PBXFrameworksBuildPhase;
			buildActionMask = 2147483647;
			files = (
			);
			runOnlyForDeploymentPostprocessing = 0;
		};
/* End PBXFrameworksBuildPhase section */

/* Begin PBXGroup section */
		C5A6398B1AA034EB00370D45 /* GPX */ = {
			isa = PBXGroup;
			children = (
				C5A639AB1AA0353B00370D45 /* GPX-Prefix.pch */,
				C5A639AC1AA0353B00370D45 /* GPXAuthor.h */,
				C5A639AD1AA0353B00370D45 /* GPXAuthor.m */,
				C5A639AE1AA0353B00370D45 /* GPXBounds.h */,
				C5A639AF1AA0353B00370D45 /* GPXBounds.m */,
				C5A639B01AA0353B00370D45 /* GPXConst.h */,
				C5A639B11AA0353B00370D45 /* GPXConst.m */,
				C5A639B21AA0353B00370D45 /* GPXCopyright.h */,
				C5A639B31AA0353B00370D45 /* GPXCopyright.m */,
				C5A639B41AA0353B00370D45 /* GPXElement.h */,
				C5A639B51AA0353B00370D45 /* GPXElement.m */,
				C5A639B61AA0353B00370D45 /* GPXElementSubclass.h */,
				C5A639B71AA0353B00370D45 /* GPXEmail.h */,
				C5A639B81AA0353B00370D45 /* GPXEmail.m */,
				C5A639B91AA0353B00370D45 /* GPXExtensions.h */,
				C5A639BA1AA0353B00370D45 /* GPXExtensions.m */,
				C5A639BB1AA0353B00370D45 /* GPXLink.h */,
				C5A639BC1AA0353B00370D45 /* GPXLink.m */,
				C5A639BD1AA0353B00370D45 /* GPXMetadata.h */,
				C5A639BE1AA0353B00370D45 /* GPXMetadata.m */,
				C5A639BF1AA0353B00370D45 /* GPXParser.h */,
				C5A639C01AA0353B00370D45 /* GPXParser.m */,
				C5A639C11AA0353B00370D45 /* GPXPerson.h */,
				C5A639C21AA0353B00370D45 /* GPXPerson.m */,
				C5A639C31AA0353B00370D45 /* GPXPoint.h */,
				C5A639C41AA0353B00370D45 /* GPXPoint.m */,
				C5A639C51AA0353B00370D45 /* GPXPointSegment.h */,
				C5A639C61AA0353B00370D45 /* GPXPointSegment.m */,
				C5A639C71AA0353B00370D45 /* GPXRoot.h */,
				C5A639C81AA0353B00370D45 /* GPXRoot.m */,
				C5A639C91AA0353B00370D45 /* GPXRoute.h */,
				C5A639CA1AA0353B00370D45 /* GPXRoute.m */,
				C5A639CB1AA0353B00370D45 /* GPXRoutePoint.h */,
				C5A639CC1AA0353B00370D45 /* GPXRoutePoint.m */,
				C5A639CD1AA0353B00370D45 /* GPXTrack.h */,
				C5A639CE1AA0353B00370D45 /* GPXTrack.m */,
				C5A639CF1AA0353B00370D45 /* GPXTrackPoint.h */,
				C5A639D01AA0353B00370D45 /* GPXTrackPoint.m */,
				C5A639D11AA0353B00370D45 /* GPXTrackSegment.h */,
				C5A639D21AA0353B00370D45 /* GPXTrackSegment.m */,
				C5A639D31AA0353B00370D45 /* GPXType.h */,
				C5A639D41AA0353B00370D45 /* GPXType.m */,
				C5A639D51AA0353B00370D45 /* GPXWaypoint.h */,
				C5A639D61AA0353B00370D45 /* GPXWaypoint.m */,
				C5A639D71AA0353B00370D45 /* GPXXML.h */,
				C5A639D81AA0353B00370D45 /* GPXXML.m */,
				C5A6398E1AA034EB00370D45 /* GPX.h */,
				C5A6398C1AA034EB00370D45 /* Supporting Files */,
			);
			path = GPX;
			sourceTree = "<group>";
		};
		C5A6398C1AA034EB00370D45 /* Supporting Files */ = {
			isa = PBXGroup;
			children = (
				C5A6398D1AA034EB00370D45 /* Info.plist */,
			);
			name = "Supporting Files";
			sourceTree = "<group>";
		};
		C5A6399A1AA034EB00370D45 /* GPXTests */ = {
			isa = PBXGroup;
			children = (
				C5A6399D1AA034EB00370D45 /* GPXTests.m */,
				C5A6399B1AA034EB00370D45 /* Supporting Files */,
			);
			path = GPXTests;
			sourceTree = "<group>";
		};
		C5A6399B1AA034EB00370D45 /* Supporting Files */ = {
			isa = PBXGroup;
			children = (
				C5A6399C1AA034EB00370D45 /* Info.plist */,
			);
			name = "Supporting Files";
			sourceTree = "<group>";
		};
		C5AEA5B81A9F921300249353 = {
			isa = PBXGroup;
			children = (
				C5B98E7D1AA1D91400597066 /* LocationSimulator.swift */,
				C5AEA5FE1A9FB50100249353 /* GooglePlace.swift */,
				C5AEA5FC1A9FB43E00249353 /* GoogleDataProvider.swift */,
				C5AEA5C31A9F921300249353 /* GPSSimulator_GMap */,
				C5A6398B1AA034EB00370D45 /* GPX */,
				C5A6399A1AA034EB00370D45 /* GPXTests */,
				C5AEA5F91A9F947000249353 /* Frameworks */,
				C5AEA5D91A9F921300249353 /* GPSSimulator_GMapTests */,
				C5AEA5C21A9F921300249353 /* Products */,
				C5AEA6001A9FB64000249353 /* GPSSimulator_GMap-Bridging-Header.h */,
				C5F421301AA04AB600890ADE /* BrightFutures.xcodeproj */,
			);
			sourceTree = "<group>";
		};
		C5AEA5C21A9F921300249353 /* Products */ = {
			isa = PBXGroup;
			children = (
				C5AEA5C11A9F921300249353 /* GPSSimulator_GMap.app */,
				C5AEA5D61A9F921300249353 /* GPSSimulator_GMapTests.xctest */,
				C5A6398A1AA034EB00370D45 /* GPX.framework */,
				C5A639941AA034EB00370D45 /* GPXTests.xctest */,
			);
			name = Products;
			sourceTree = "<group>";
		};
		C5AEA5C31A9F921300249353 /* GPSSimulator_GMap */ = {
			isa = PBXGroup;
			children = (
				C5AEA5C61A9F921300249353 /* AppDelegate.swift */,
				C5AEA5C81A9F921300249353 /* ViewController.swift */,
				C5AEA5CA1A9F921300249353 /* Main.storyboard */,
				C5AEA5CD1A9F921300249353 /* Images.xcassets */,
				C5AEA5CF1A9F921300249353 /* LaunchScreen.xib */,
				C5AEA5C41A9F921300249353 /* Supporting Files */,
			);
			path = GPSSimulator_GMap;
			sourceTree = "<group>";
		};
		C5AEA5C41A9F921300249353 /* Supporting Files */ = {
			isa = PBXGroup;
			children = (
				C5AEA5C51A9F921300249353 /* Info.plist */,
			);
			name = "Supporting Files";
			sourceTree = "<group>";
		};
		C5AEA5D91A9F921300249353 /* GPSSimulator_GMapTests */ = {
			isa = PBXGroup;
			children = (
				C5AEA5DC1A9F921300249353 /* GPSSimulator_GMapTests.swift */,
				C5AEA5DA1A9F921300249353 /* Supporting Files */,
			);
			path = GPSSimulator_GMapTests;
			sourceTree = "<group>";
		};
		C5AEA5DA1A9F921300249353 /* Supporting Files */ = {
			isa = PBXGroup;
			children = (
				C5AEA5DB1A9F921300249353 /* Info.plist */,
			);
			name = "Supporting Files";
			sourceTree = "<group>";
		};
		C5AEA5F91A9F947000249353 /* Frameworks */ = {
			isa = PBXGroup;
			children = (
				C5AEA6131A9FB8DE00249353 /* SystemConfiguration.framework */,
				C5AEA6111A9FB8C100249353 /* ImageIO.framework */,
				C5AEA60F1A9FB8A300249353 /* CoreData.framework */,
				C5AEA60D1A9FB89200249353 /* AVFoundation.framework */,
				C5AEA60B1A9FB87800249353 /* CoreText.framework */,
				C5AEA6091A9FB85100249353 /* OpenGLES.framework */,
				C5AEA6071A9FB84700249353 /* GLKit.framework */,
				C5AEA6051A9FB81900249353 /* QuartzCore.framework */,
				C5AEA6031A9FB7DF00249353 /* GoogleMaps.bundle */,
				C5AEA5F11A9F93DA00249353 /* CoreLocation.framework */,
				C5AEA5EF1A9F936C00249353 /* GoogleMaps.framework */,
				C5AEA5F41A9F943E00249353 /* libicucore.dylib */,
				C5AEA5F31A9F943E00249353 /* libc++.dylib */,
				C5AEA5F51A9F943E00249353 /* libz.dylib */,
			);
			name = Frameworks;
			sourceTree = "<group>";
		};
		C5F421311AA04AB600890ADE /* Products */ = {
			isa = PBXGroup;
			children = (
				C5F421361AA04AB600890ADE /* BrightFutures.framework */,
				C5F421381AA04AB600890ADE /* BrightFuturesTests.xctest */,
			);
			name = Products;
			sourceTree = "<group>";
		};
/* End PBXGroup section */

/* Begin PBXHeadersBuildPhase section */
		C5A639871AA034EB00370D45 /* Headers */ = {
			isa = PBXHeadersBuildPhase;
			buildActionMask = 2147483647;
			files = (
				C5A639E71AA0353B00370D45 /* GPXExtensions.h in Headers */,
				C5A639F11AA0353B00370D45 /* GPXPoint.h in Headers */,
				C5A639E21AA0353B00370D45 /* GPXElement.h in Headers */,
				C5A639F31AA0353B00370D45 /* GPXPointSegment.h in Headers */,
				C5A639E01AA0353B00370D45 /* GPXCopyright.h in Headers */,
				C5A639E91AA0353B00370D45 /* GPXLink.h in Headers */,
				C5A63A051AA0353B00370D45 /* GPXXML.h in Headers */,
				C5A639DA1AA0353B00370D45 /* GPXAuthor.h in Headers */,
				C5A639EF1AA0353B00370D45 /* GPXPerson.h in Headers */,
				C5A639F91AA0353B00370D45 /* GPXRoutePoint.h in Headers */,
				C5A63A011AA0353B00370D45 /* GPXType.h in Headers */,
				C5A639FD1AA0353B00370D45 /* GPXTrackPoint.h in Headers */,
				C5A639E41AA0353B00370D45 /* GPXElementSubclass.h in Headers */,
				C5A639E51AA0353B00370D45 /* GPXEmail.h in Headers */,
				C5A639EB1AA0353B00370D45 /* GPXMetadata.h in Headers */,
				C5A639DE1AA0353B00370D45 /* GPXConst.h in Headers */,
				C5A6398F1AA034EB00370D45 /* GPX.h in Headers */,
				C5A639F51AA0353B00370D45 /* GPXRoot.h in Headers */,
				C5A639ED1AA0353B00370D45 /* GPXParser.h in Headers */,
				C5A639FB1AA0353B00370D45 /* GPXTrack.h in Headers */,
				C5A639D91AA0353B00370D45 /* GPX-Prefix.pch in Headers */,
				C5A639F71AA0353B00370D45 /* GPXRoute.h in Headers */,
				C5A63A031AA0353B00370D45 /* GPXWaypoint.h in Headers */,
				C5A639FF1AA0353B00370D45 /* GPXTrackSegment.h in Headers */,
				C5A639DC1AA0353B00370D45 /* GPXBounds.h in Headers */,
			);
			runOnlyForDeploymentPostprocessing = 0;
		};
/* End PBXHeadersBuildPhase section */

/* Begin PBXNativeTarget section */
		C5A639891AA034EB00370D45 /* GPX */ = {
			isa = PBXNativeTarget;
			buildConfigurationList = C5A639A81AA034EB00370D45 /* Build configuration list for PBXNativeTarget "GPX" */;
			buildPhases = (
				C5A639851AA034EB00370D45 /* Sources */,
				C5A639861AA034EB00370D45 /* Frameworks */,
				C5A639871AA034EB00370D45 /* Headers */,
				C5A639881AA034EB00370D45 /* Resources */,
			);
			buildRules = (
			);
			dependencies = (
			);
			name = GPX;
			productName = GPX;
			productReference = C5A6398A1AA034EB00370D45 /* GPX.framework */;
			productType = "com.apple.product-type.framework";
		};
		C5A639931AA034EB00370D45 /* GPXTests */ = {
			isa = PBXNativeTarget;
			buildConfigurationList = C5A639AA1AA034EB00370D45 /* Build configuration list for PBXNativeTarget "GPXTests" */;
			buildPhases = (
				C5A639901AA034EB00370D45 /* Sources */,
				C5A639911AA034EB00370D45 /* Frameworks */,
				C5A639921AA034EB00370D45 /* Resources */,
			);
			buildRules = (
			);
			dependencies = (
				C5A639971AA034EB00370D45 /* PBXTargetDependency */,
				C5A639991AA034EB00370D45 /* PBXTargetDependency */,
			);
			name = GPXTests;
			productName = GPXTests;
			productReference = C5A639941AA034EB00370D45 /* GPXTests.xctest */;
			productType = "com.apple.product-type.bundle.unit-test";
		};
		C5AEA5C01A9F921300249353 /* GPSSimulator_GMap */ = {
			isa = PBXNativeTarget;
			buildConfigurationList = C5AEA5E01A9F921300249353 /* Build configuration list for PBXNativeTarget "GPSSimulator_GMap" */;
			buildPhases = (
				C5AEA5BD1A9F921300249353 /* Sources */,
				C5AEA5BE1A9F921300249353 /* Frameworks */,
				C5AEA5BF1A9F921300249353 /* Resources */,
				C5A639A91AA034EB00370D45 /* Embed Frameworks */,
			);
			buildRules = (
			);
			dependencies = (
				C5F4213A1AA04B5300890ADE /* PBXTargetDependency */,
				C5A639A01AA034EB00370D45 /* PBXTargetDependency */,
			);
			name = GPSSimulator_GMap;
			productName = GPSSimulator_GMap;
			productReference = C5AEA5C11A9F921300249353 /* GPSSimulator_GMap.app */;
			productType = "com.apple.product-type.application";
		};
		C5AEA5D51A9F921300249353 /* GPSSimulator_GMapTests */ = {
			isa = PBXNativeTarget;
			buildConfigurationList = C5AEA5E31A9F921300249353 /* Build configuration list for PBXNativeTarget "GPSSimulator_GMapTests" */;
			buildPhases = (
				C5AEA5D21A9F921300249353 /* Sources */,
				C5AEA5D31A9F921300249353 /* Frameworks */,
				C5AEA5D41A9F921300249353 /* Resources */,
			);
			buildRules = (
			);
			dependencies = (
				C5AEA5D81A9F921300249353 /* PBXTargetDependency */,
			);
			name = GPSSimulator_GMapTests;
			productName = GPSSimulator_GMapTests;
			productReference = C5AEA5D61A9F921300249353 /* GPSSimulator_GMapTests.xctest */;
			productType = "com.apple.product-type.bundle.unit-test";
		};
/* End PBXNativeTarget section */

/* Begin PBXProject section */
		C5AEA5B91A9F921300249353 /* Project object */ = {
			isa = PBXProject;
			attributes = {
				LastUpgradeCheck = 0630;
				ORGANIZATIONNAME = Baltoro;
				TargetAttributes = {
					C5A639891AA034EB00370D45 = {
						CreatedOnToolsVersion = 6.3;
					};
					C5A639931AA034EB00370D45 = {
						CreatedOnToolsVersion = 6.3;
						TestTargetID = C5AEA5C01A9F921300249353;
					};
					C5AEA5C01A9F921300249353 = {
						CreatedOnToolsVersion = 6.3;
					};
					C5AEA5D51A9F921300249353 = {
						CreatedOnToolsVersion = 6.3;
						TestTargetID = C5AEA5C01A9F921300249353;
					};
				};
			};
			buildConfigurationList = C5AEA5BC1A9F921300249353 /* Build configuration list for PBXProject "GPSSimulator_GMap" */;
			compatibilityVersion = "Xcode 3.2";
			developmentRegion = English;
			hasScannedForEncodings = 0;
			knownRegions = (
				en,
				Base,
			);
			mainGroup = C5AEA5B81A9F921300249353;
			productRefGroup = C5AEA5C21A9F921300249353 /* Products */;
			projectDirPath = "";
			projectReferences = (
				{
					ProductGroup = C5F421311AA04AB600890ADE /* Products */;
					ProjectRef = C5F421301AA04AB600890ADE /* BrightFutures.xcodeproj */;
				},
			);
			projectRoot = "";
			targets = (
				C5AEA5C01A9F921300249353 /* GPSSimulator_GMap */,
				C5AEA5D51A9F921300249353 /* GPSSimulator_GMapTests */,
				C5A639891AA034EB00370D45 /* GPX */,
				C5A639931AA034EB00370D45 /* GPXTests */,
			);
		};
/* End PBXProject section */

/* Begin PBXReferenceProxy section */
		C5F421361AA04AB600890ADE /* BrightFutures.framework */ = {
			isa = PBXReferenceProxy;
			fileType = wrapper.framework;
			path = BrightFutures.framework;
			remoteRef = C5F421351AA04AB600890ADE /* PBXContainerItemProxy */;
			sourceTree = BUILT_PRODUCTS_DIR;
		};
		C5F421381AA04AB600890ADE /* BrightFuturesTests.xctest */ = {
			isa = PBXReferenceProxy;
			fileType = wrapper.cfbundle;
			path = BrightFuturesTests.xctest;
			remoteRef = C5F421371AA04AB600890ADE /* PBXContainerItemProxy */;
			sourceTree = BUILT_PRODUCTS_DIR;
		};
/* End PBXReferenceProxy section */

/* Begin PBXResourcesBuildPhase section */
		C5A639881AA034EB00370D45 /* Resources */ = {
			isa = PBXResourcesBuildPhase;
			buildActionMask = 2147483647;
			files = (
			);
			runOnlyForDeploymentPostprocessing = 0;
		};
		C5A639921AA034EB00370D45 /* Resources */ = {
			isa = PBXResourcesBuildPhase;
			buildActionMask = 2147483647;
			files = (
			);
			runOnlyForDeploymentPostprocessing = 0;
		};
		C5AEA5BF1A9F921300249353 /* Resources */ = {
			isa = PBXResourcesBuildPhase;
			buildActionMask = 2147483647;
			files = (
				C5AEA5CC1A9F921300249353 /* Main.storyboard in Resources */,
				C5AEA5D11A9F921300249353 /* LaunchScreen.xib in Resources */,
				C5AEA5CE1A9F921300249353 /* Images.xcassets in Resources */,
				C5AEA6041A9FB7DF00249353 /* GoogleMaps.bundle in Resources */,
			);
			runOnlyForDeploymentPostprocessing = 0;
		};
		C5AEA5D41A9F921300249353 /* Resources */ = {
			isa = PBXResourcesBuildPhase;
			buildActionMask = 2147483647;
			files = (
			);
			runOnlyForDeploymentPostprocessing = 0;
		};
/* End PBXResourcesBuildPhase section */

/* Begin PBXSourcesBuildPhase section */
		C5A639851AA034EB00370D45 /* Sources */ = {
			isa = PBXSourcesBuildPhase;
			buildActionMask = 2147483647;
			files = (
				C5A639EE1AA0353B00370D45 /* GPXParser.m in Sources */,
				C5A639F61AA0353B00370D45 /* GPXRoot.m in Sources */,
				C5A639FA1AA0353B00370D45 /* GPXRoutePoint.m in Sources */,
				C5A63A041AA0353B00370D45 /* GPXWaypoint.m in Sources */,
				C5A639E81AA0353B00370D45 /* GPXExtensions.m in Sources */,
				C5A639F21AA0353B00370D45 /* GPXPoint.m in Sources */,
				C5A639F41AA0353B00370D45 /* GPXPointSegment.m in Sources */,
				C5A639FE1AA0353B00370D45 /* GPXTrackPoint.m in Sources */,
				C5A639EA1AA0353B00370D45 /* GPXLink.m in Sources */,
				C5A639DD1AA0353B00370D45 /* GPXBounds.m in Sources */,
				C5A63A021AA0353B00370D45 /* GPXType.m in Sources */,
				C5A639E11AA0353B00370D45 /* GPXCopyright.m in Sources */,
				C5A639F01AA0353B00370D45 /* GPXPerson.m in Sources */,
				C5A639EC1AA0353B00370D45 /* GPXMetadata.m in Sources */,
				C5A639FC1AA0353B00370D45 /* GPXTrack.m in Sources */,
				C5A63A061AA0353B00370D45 /* GPXXML.m in Sources */,
				C5A639E61AA0353B00370D45 /* GPXEmail.m in Sources */,
				C5A639F81AA0353B00370D45 /* GPXRoute.m in Sources */,
				C5A63A001AA0353B00370D45 /* GPXTrackSegment.m in Sources */,
				C5A639DB1AA0353B00370D45 /* GPXAuthor.m in Sources */,
				C5A639DF1AA0353B00370D45 /* GPXConst.m in Sources */,
				C5A639E31AA0353B00370D45 /* GPXElement.m in Sources */,
			);
			runOnlyForDeploymentPostprocessing = 0;
		};
		C5A639901AA034EB00370D45 /* Sources */ = {
			isa = PBXSourcesBuildPhase;
			buildActionMask = 2147483647;
			files = (
				C5A6399E1AA034EB00370D45 /* GPXTests.m in Sources */,
			);
			runOnlyForDeploymentPostprocessing = 0;
		};
		C5AEA5BD1A9F921300249353 /* Sources */ = {
			isa = PBXSourcesBuildPhase;
			buildActionMask = 2147483647;
			files = (
				C5AEA5C91A9F921300249353 /* ViewController.swift in Sources */,
				C5B98E7E1AA1D91400597066 /* LocationSimulator.swift in Sources */,
				C5AEA5FD1A9FB43E00249353 /* GoogleDataProvider.swift in Sources */,
				C5AEA5FF1A9FB50100249353 /* GooglePlace.swift in Sources */,
				C5AEA5C71A9F921300249353 /* AppDelegate.swift in Sources */,
			);
			runOnlyForDeploymentPostprocessing = 0;
		};
		C5AEA5D21A9F921300249353 /* Sources */ = {
			isa = PBXSourcesBuildPhase;
			buildActionMask = 2147483647;
			files = (
				C5AEA5DD1A9F921300249353 /* GPSSimulator_GMapTests.swift in Sources */,
			);
			runOnlyForDeploymentPostprocessing = 0;
		};
/* End PBXSourcesBuildPhase section */

/* Begin PBXTargetDependency section */
		C5A639971AA034EB00370D45 /* PBXTargetDependency */ = {
			isa = PBXTargetDependency;
			target = C5A639891AA034EB00370D45 /* GPX */;
			targetProxy = C5A639961AA034EB00370D45 /* PBXContainerItemProxy */;
		};
		C5A639991AA034EB00370D45 /* PBXTargetDependency */ = {
			isa = PBXTargetDependency;
			target = C5AEA5C01A9F921300249353 /* GPSSimulator_GMap */;
			targetProxy = C5A639981AA034EB00370D45 /* PBXContainerItemProxy */;
		};
		C5A639A01AA034EB00370D45 /* PBXTargetDependency */ = {
			isa = PBXTargetDependency;
			target = C5A639891AA034EB00370D45 /* GPX */;
			targetProxy = C5A6399F1AA034EB00370D45 /* PBXContainerItemProxy */;
		};
		C5AEA5D81A9F921300249353 /* PBXTargetDependency */ = {
			isa = PBXTargetDependency;
			target = C5AEA5C01A9F921300249353 /* GPSSimulator_GMap */;
			targetProxy = C5AEA5D71A9F921300249353 /* PBXContainerItemProxy */;
		};
		C5F4213A1AA04B5300890ADE /* PBXTargetDependency */ = {
			isa = PBXTargetDependency;
			name = BrightFutures;
			targetProxy = C5F421391AA04B5300890ADE /* PBXContainerItemProxy */;
		};
/* End PBXTargetDependency section */

/* Begin PBXVariantGroup section */
		C5AEA5CA1A9F921300249353 /* Main.storyboard */ = {
			isa = PBXVariantGroup;
			children = (
				C5AEA5CB1A9F921300249353 /* Base */,
			);
			name = Main.storyboard;
			sourceTree = "<group>";
		};
		C5AEA5CF1A9F921300249353 /* LaunchScreen.xib */ = {
			isa = PBXVariantGroup;
			children = (
				C5AEA5D01A9F921300249353 /* Base */,
			);
			name = LaunchScreen.xib;
			sourceTree = "<group>";
		};
/* End PBXVariantGroup section */

/* Begin XCBuildConfiguration section */
		C5A639A31AA034EB00370D45 /* Debug */ = {
			isa = XCBuildConfiguration;
			buildSettings = {
				CURRENT_PROJECT_VERSION = 1;
				DEFINES_MODULE = YES;
				DYLIB_COMPATIBILITY_VERSION = 1;
				DYLIB_CURRENT_VERSION = 1;
				DYLIB_INSTALL_NAME_BASE = "@rpath";
				GCC_PRECOMPILE_PREFIX_HEADER = YES;
				GCC_PREFIX_HEADER = "GPX/GPX-Prefix.pch";
				GCC_PREPROCESSOR_DEFINITIONS = (
					"DEBUG=1",
					"$(inherited)",
				);
				INFOPLIST_FILE = GPX/Info.plist;
				INSTALL_PATH = "$(LOCAL_LIBRARY_DIR)/Frameworks";
				LD_RUNPATH_SEARCH_PATHS = "$(inherited) @executable_path/Frameworks @loader_path/Frameworks";
				PRODUCT_NAME = "$(TARGET_NAME)";
				SKIP_INSTALL = YES;
				TARGETED_DEVICE_FAMILY = "1,2";
				VERSIONING_SYSTEM = "apple-generic";
				VERSION_INFO_PREFIX = "";
			};
			name = Debug;
		};
		C5A639A41AA034EB00370D45 /* Release */ = {
			isa = XCBuildConfiguration;
			buildSettings = {
				CURRENT_PROJECT_VERSION = 1;
				DEFINES_MODULE = YES;
				DYLIB_COMPATIBILITY_VERSION = 1;
				DYLIB_CURRENT_VERSION = 1;
				DYLIB_INSTALL_NAME_BASE = "@rpath";
				GCC_PRECOMPILE_PREFIX_HEADER = YES;
				GCC_PREFIX_HEADER = "GPX/GPX-Prefix.pch";
				INFOPLIST_FILE = GPX/Info.plist;
				INSTALL_PATH = "$(LOCAL_LIBRARY_DIR)/Frameworks";
				LD_RUNPATH_SEARCH_PATHS = "$(inherited) @executable_path/Frameworks @loader_path/Frameworks";
				PRODUCT_NAME = "$(TARGET_NAME)";
				SKIP_INSTALL = YES;
				TARGETED_DEVICE_FAMILY = "1,2";
				VERSIONING_SYSTEM = "apple-generic";
				VERSION_INFO_PREFIX = "";
			};
			name = Release;
		};
		C5A639A51AA034EB00370D45 /* Debug */ = {
			isa = XCBuildConfiguration;
			buildSettings = {
				FRAMEWORK_SEARCH_PATHS = (
					"$(SDKROOT)/Developer/Library/Frameworks",
					"$(inherited)",
				);
				GCC_PREPROCESSOR_DEFINITIONS = (
					"DEBUG=1",
					"$(inherited)",
				);
				INFOPLIST_FILE = GPXTests/Info.plist;
				LD_RUNPATH_SEARCH_PATHS = "$(inherited) @executable_path/Frameworks @loader_path/Frameworks";
				PRODUCT_NAME = "$(TARGET_NAME)";
				TEST_HOST = "$(BUILT_PRODUCTS_DIR)/GPSSimulator_GMap.app/GPSSimulator_GMap";
			};
			name = Debug;
		};
		C5A639A61AA034EB00370D45 /* Release */ = {
			isa = XCBuildConfiguration;
			buildSettings = {
				FRAMEWORK_SEARCH_PATHS = (
					"$(SDKROOT)/Developer/Library/Frameworks",
					"$(inherited)",
				);
				INFOPLIST_FILE = GPXTests/Info.plist;
				LD_RUNPATH_SEARCH_PATHS = "$(inherited) @executable_path/Frameworks @loader_path/Frameworks";
				PRODUCT_NAME = "$(TARGET_NAME)";
				TEST_HOST = "$(BUILT_PRODUCTS_DIR)/GPSSimulator_GMap.app/GPSSimulator_GMap";
			};
			name = Release;
		};
		C5AEA5DE1A9F921300249353 /* Debug */ = {
			isa = XCBuildConfiguration;
			buildSettings = {
				ALWAYS_SEARCH_USER_PATHS = NO;
				CLANG_CXX_LANGUAGE_STANDARD = "gnu++0x";
				CLANG_CXX_LIBRARY = "libc++";
				CLANG_ENABLE_MODULES = YES;
				CLANG_ENABLE_OBJC_ARC = YES;
				CLANG_WARN_BOOL_CONVERSION = YES;
				CLANG_WARN_CONSTANT_CONVERSION = YES;
				CLANG_WARN_DIRECT_OBJC_ISA_USAGE = YES_ERROR;
				CLANG_WARN_EMPTY_BODY = YES;
				CLANG_WARN_ENUM_CONVERSION = YES;
				CLANG_WARN_INT_CONVERSION = YES;
				CLANG_WARN_OBJC_ROOT_CLASS = YES_ERROR;
				CLANG_WARN_UNREACHABLE_CODE = YES;
				CLANG_WARN__DUPLICATE_METHOD_MATCH = YES;
				"CODE_SIGN_IDENTITY[sdk=iphoneos*]" = "iPhone Developer";
				COPY_PHASE_STRIP = NO;
				DEBUG_INFORMATION_FORMAT = dwarf;
				ENABLE_STRICT_OBJC_MSGSEND = YES;
				GCC_C_LANGUAGE_STANDARD = gnu99;
				GCC_DYNAMIC_NO_PIC = NO;
				GCC_NO_COMMON_BLOCKS = YES;
				GCC_OPTIMIZATION_LEVEL = 0;
				GCC_PREPROCESSOR_DEFINITIONS = (
					"DEBUG=1",
					"$(inherited)",
				);
				GCC_SYMBOLS_PRIVATE_EXTERN = NO;
				GCC_WARN_64_TO_32_BIT_CONVERSION = YES;
				GCC_WARN_ABOUT_RETURN_TYPE = YES_ERROR;
				GCC_WARN_UNDECLARED_SELECTOR = YES;
				GCC_WARN_UNINITIALIZED_AUTOS = YES_AGGRESSIVE;
				GCC_WARN_UNUSED_FUNCTION = YES;
				GCC_WARN_UNUSED_VARIABLE = YES;
				IPHONEOS_DEPLOYMENT_TARGET = 8.3;
				MTL_ENABLE_DEBUG_INFO = YES;
				ONLY_ACTIVE_ARCH = YES;
				OTHER_LDFLAGS = "-ObjC";
				SDKROOT = iphoneos;
				SWIFT_OPTIMIZATION_LEVEL = "-Onone";
			};
			name = Debug;
		};
		C5AEA5DF1A9F921300249353 /* Release */ = {
			isa = XCBuildConfiguration;
			buildSettings = {
				ALWAYS_SEARCH_USER_PATHS = NO;
				CLANG_CXX_LANGUAGE_STANDARD = "gnu++0x";
				CLANG_CXX_LIBRARY = "libc++";
				CLANG_ENABLE_MODULES = YES;
				CLANG_ENABLE_OBJC_ARC = YES;
				CLANG_WARN_BOOL_CONVERSION = YES;
				CLANG_WARN_CONSTANT_CONVERSION = YES;
				CLANG_WARN_DIRECT_OBJC_ISA_USAGE = YES_ERROR;
				CLANG_WARN_EMPTY_BODY = YES;
				CLANG_WARN_ENUM_CONVERSION = YES;
				CLANG_WARN_INT_CONVERSION = YES;
				CLANG_WARN_OBJC_ROOT_CLASS = YES_ERROR;
				CLANG_WARN_UNREACHABLE_CODE = YES;
				CLANG_WARN__DUPLICATE_METHOD_MATCH = YES;
				"CODE_SIGN_IDENTITY[sdk=iphoneos*]" = "iPhone Developer";
				COPY_PHASE_STRIP = NO;
				DEBUG_INFORMATION_FORMAT = "dwarf-with-dsym";
				ENABLE_NS_ASSERTIONS = NO;
				ENABLE_STRICT_OBJC_MSGSEND = YES;
				GCC_C_LANGUAGE_STANDARD = gnu99;
				GCC_NO_COMMON_BLOCKS = YES;
				GCC_WARN_64_TO_32_BIT_CONVERSION = YES;
				GCC_WARN_ABOUT_RETURN_TYPE = YES_ERROR;
				GCC_WARN_UNDECLARED_SELECTOR = YES;
				GCC_WARN_UNINITIALIZED_AUTOS = YES_AGGRESSIVE;
				GCC_WARN_UNUSED_FUNCTION = YES;
				GCC_WARN_UNUSED_VARIABLE = YES;
				IPHONEOS_DEPLOYMENT_TARGET = 8.3;
				MTL_ENABLE_DEBUG_INFO = NO;
				OTHER_LDFLAGS = "-ObjC";
				SDKROOT = iphoneos;
				VALIDATE_PRODUCT = YES;
			};
			name = Release;
		};
		C5AEA5E11A9F921300249353 /* Debug */ = {
			isa = XCBuildConfiguration;
			buildSettings = {
				ASSETCATALOG_COMPILER_APPICON_NAME = AppIcon;
				CLANG_ENABLE_MODULES = YES;
				FRAMEWORK_SEARCH_PATHS = (
					"$(inherited)",
					"$(PROJECT_DIR)/GPSSimulator_GMap",
				);
				INFOPLIST_FILE = GPSSimulator_GMap/Info.plist;
				LD_RUNPATH_SEARCH_PATHS = "$(inherited) @executable_path/Frameworks";
				PRODUCT_NAME = "$(TARGET_NAME)";
				SWIFT_OBJC_BRIDGING_HEADER = "GPSSimulator_GMap-Bridging-Header.h";
				SWIFT_OPTIMIZATION_LEVEL = "-Onone";
			};
			name = Debug;
		};
		C5AEA5E21A9F921300249353 /* Release */ = {
			isa = XCBuildConfiguration;
			buildSettings = {
				ASSETCATALOG_COMPILER_APPICON_NAME = AppIcon;
				CLANG_ENABLE_MODULES = YES;
				FRAMEWORK_SEARCH_PATHS = (
					"$(inherited)",
					"$(PROJECT_DIR)/GPSSimulator_GMap",
				);
				INFOPLIST_FILE = GPSSimulator_GMap/Info.plist;
				LD_RUNPATH_SEARCH_PATHS = "$(inherited) @executable_path/Frameworks";
				PRODUCT_NAME = "$(TARGET_NAME)";
				SWIFT_OBJC_BRIDGING_HEADER = "GPSSimulator_GMap-Bridging-Header.h";
			};
			name = Release;
		};
		C5AEA5E41A9F921300249353 /* Debug */ = {
			isa = XCBuildConfiguration;
			buildSettings = {
				BUNDLE_LOADER = "$(TEST_HOST)";
				FRAMEWORK_SEARCH_PATHS = (
					"$(SDKROOT)/Developer/Library/Frameworks",
					"$(inherited)",
				);
				GCC_PREPROCESSOR_DEFINITIONS = (
					"DEBUG=1",
					"$(inherited)",
				);
				INFOPLIST_FILE = GPSSimulator_GMapTests/Info.plist;
				LD_RUNPATH_SEARCH_PATHS = "$(inherited) @executable_path/Frameworks @loader_path/Frameworks";
				PRODUCT_NAME = "$(TARGET_NAME)";
				TEST_HOST = "$(BUILT_PRODUCTS_DIR)/GPSSimulator_GMap.app/GPSSimulator_GMap";
			};
			name = Debug;
		};
		C5AEA5E51A9F921300249353 /* Release */ = {
			isa = XCBuildConfiguration;
			buildSettings = {
				BUNDLE_LOADER = "$(TEST_HOST)";
				FRAMEWORK_SEARCH_PATHS = (
					"$(SDKROOT)/Developer/Library/Frameworks",
					"$(inherited)",
				);
				INFOPLIST_FILE = GPSSimulator_GMapTests/Info.plist;
				LD_RUNPATH_SEARCH_PATHS = "$(inherited) @executable_path/Frameworks @loader_path/Frameworks";
				PRODUCT_NAME = "$(TARGET_NAME)";
				TEST_HOST = "$(BUILT_PRODUCTS_DIR)/GPSSimulator_GMap.app/GPSSimulator_GMap";
			};
			name = Release;
		};
/* End XCBuildConfiguration section */

/* Begin XCConfigurationList section */
		C5A639A81AA034EB00370D45 /* Build configuration list for PBXNativeTarget "GPX" */ = {
			isa = XCConfigurationList;
			buildConfigurations = (
				C5A639A31AA034EB00370D45 /* Debug */,
				C5A639A41AA034EB00370D45 /* Release */,
			);
			defaultConfigurationIsVisible = 0;
			defaultConfigurationName = Release;
		};
		C5A639AA1AA034EB00370D45 /* Build configuration list for PBXNativeTarget "GPXTests" */ = {
			isa = XCConfigurationList;
			buildConfigurations = (
				C5A639A51AA034EB00370D45 /* Debug */,
				C5A639A61AA034EB00370D45 /* Release */,
			);
			defaultConfigurationIsVisible = 0;
			defaultConfigurationName = Release;
		};
		C5AEA5BC1A9F921300249353 /* Build configuration list for PBXProject "GPSSimulator_GMap" */ = {
			isa = XCConfigurationList;
			buildConfigurations = (
				C5AEA5DE1A9F921300249353 /* Debug */,
				C5AEA5DF1A9F921300249353 /* Release */,
			);
			defaultConfigurationIsVisible = 0;
			defaultConfigurationName = Release;
		};
		C5AEA5E01A9F921300249353 /* Build configuration list for PBXNativeTarget "GPSSimulator_GMap" */ = {
			isa = XCConfigurationList;
			buildConfigurations = (
				C5AEA5E11A9F921300249353 /* Debug */,
				C5AEA5E21A9F921300249353 /* Release */,
			);
			defaultConfigurationIsVisible = 0;
			defaultConfigurationName = Release;
		};
		C5AEA5E31A9F921300249353 /* Build configuration list for PBXNativeTarget "GPSSimulator_GMapTests" */ = {
			isa = XCConfigurationList;
			buildConfigurations = (
				C5AEA5E41A9F921300249353 /* Debug */,
				C5AEA5E51A9F921300249353 /* Release */,
			);
			defaultConfigurationIsVisible = 0;
			defaultConfigurationName = Release;
		};
/* End XCConfigurationList section */
	};
	rootObject = C5AEA5B91A9F921300249353 /* Project object */;
}
